// !$*UTF8*$!
{
	archiveVersion = 1;
	classes = {
	};
	objectVersion = 48;
	objects = {

/* Begin PBXBuildFile section */
		24289189217C5C2F00957868 /* AppDelegate.swift in Sources */ = {isa = PBXBuildFile; fileRef = 24289188217C5C2F00957868 /* AppDelegate.swift */; };
		2428918B217C5C2F00957868 /* ViewController.swift in Sources */ = {isa = PBXBuildFile; fileRef = 2428918A217C5C2F00957868 /* ViewController.swift */; };
		2428918E217C5C2F00957868 /* Main.storyboard in Resources */ = {isa = PBXBuildFile; fileRef = 2428918C217C5C2F00957868 /* Main.storyboard */; };
		24289190217C5C2F00957868 /* Assets.xcassets in Resources */ = {isa = PBXBuildFile; fileRef = 2428918F217C5C2F00957868 /* Assets.xcassets */; };
		24289193217C5C2F00957868 /* LaunchScreen.storyboard in Resources */ = {isa = PBXBuildFile; fileRef = 24289191217C5C2F00957868 /* LaunchScreen.storyboard */; };
		2428919E217C5C3000957868 /* DemoTests.swift in Sources */ = {isa = PBXBuildFile; fileRef = 2428919D217C5C3000957868 /* DemoTests.swift */; };
		242891A9217C5C3000957868 /* DemoUITests.swift in Sources */ = {isa = PBXBuildFile; fileRef = 242891A8217C5C3000957868 /* DemoUITests.swift */; };
		242891CA217C5CCC00957868 /* Alamofire.framework in Frameworks */ = {isa = PBXBuildFile; fileRef = 242891C2217C5CC300957868 /* Alamofire.framework */; };
		242891CB217C5CCC00957868 /* Alamofire.framework in Embed Frameworks */ = {isa = PBXBuildFile; fileRef = 242891C2217C5CC300957868 /* Alamofire.framework */; settings = {ATTRIBUTES = (CodeSignOnCopy, RemoveHeadersOnCopy, ); }; };
		242891CC217C5CCC00957868 /* RxAlamofire.framework in Frameworks */ = {isa = PBXBuildFile; fileRef = 242891C3217C5CC300957868 /* RxAlamofire.framework */; };
		242891CD217C5CCC00957868 /* RxAlamofire.framework in Embed Frameworks */ = {isa = PBXBuildFile; fileRef = 242891C3217C5CC300957868 /* RxAlamofire.framework */; settings = {ATTRIBUTES = (CodeSignOnCopy, RemoveHeadersOnCopy, ); }; };
		242891CE217C5CCC00957868 /* RxCocoa.framework in Frameworks */ = {isa = PBXBuildFile; fileRef = 242891C5217C5CC300957868 /* RxCocoa.framework */; };
		242891CF217C5CCC00957868 /* RxCocoa.framework in Embed Frameworks */ = {isa = PBXBuildFile; fileRef = 242891C5217C5CC300957868 /* RxCocoa.framework */; settings = {ATTRIBUTES = (CodeSignOnCopy, RemoveHeadersOnCopy, ); }; };
		242891D0217C5CCC00957868 /* RxSwift.framework in Frameworks */ = {isa = PBXBuildFile; fileRef = 242891C4217C5CC300957868 /* RxSwift.framework */; };
		242891D1217C5CCC00957868 /* RxSwift.framework in Embed Frameworks */ = {isa = PBXBuildFile; fileRef = 242891C4217C5CC300957868 /* RxSwift.framework */; settings = {ATTRIBUTES = (CodeSignOnCopy, RemoveHeadersOnCopy, ); }; };
		242891D2217C5CCC00957868 /* DataModule.framework in Frameworks */ = {isa = PBXBuildFile; fileRef = 242891BE217C5CAB00957868 /* DataModule.framework */; };
		242891D3217C5CCC00957868 /* DataModule.framework in Embed Frameworks */ = {isa = PBXBuildFile; fileRef = 242891BE217C5CAB00957868 /* DataModule.framework */; settings = {ATTRIBUTES = (CodeSignOnCopy, RemoveHeadersOnCopy, ); }; };
/* End PBXBuildFile section */

/* Begin PBXContainerItemProxy section */
		2428919A217C5C3000957868 /* PBXContainerItemProxy */ = {
			isa = PBXContainerItemProxy;
			containerPortal = 2428917D217C5C2F00957868 /* Project object */;
			proxyType = 1;
			remoteGlobalIDString = 24289184217C5C2F00957868;
			remoteInfo = Demo;
		};
		242891A5217C5C3000957868 /* PBXContainerItemProxy */ = {
			isa = PBXContainerItemProxy;
			containerPortal = 2428917D217C5C2F00957868 /* Project object */;
			proxyType = 1;
			remoteGlobalIDString = 24289184217C5C2F00957868;
			remoteInfo = Demo;
		};
/* End PBXContainerItemProxy section */

/* Begin PBXCopyFilesBuildPhase section */
		242891D4217C5CCC00957868 /* Embed Frameworks */ = {
			isa = PBXCopyFilesBuildPhase;
			buildActionMask = 2147483647;
			dstPath = "";
			dstSubfolderSpec = 10;
			files = (
				242891D1217C5CCC00957868 /* RxSwift.framework in Embed Frameworks */,
				242891CF217C5CCC00957868 /* RxCocoa.framework in Embed Frameworks */,
				242891CB217C5CCC00957868 /* Alamofire.framework in Embed Frameworks */,
				242891D3217C5CCC00957868 /* DataModule.framework in Embed Frameworks */,
				242891CD217C5CCC00957868 /* RxAlamofire.framework in Embed Frameworks */,
			);
			name = "Embed Frameworks";
			runOnlyForDeploymentPostprocessing = 0;
		};
/* End PBXCopyFilesBuildPhase section */

/* Begin PBXFileReference section */
		24289185217C5C2F00957868 /* Demo.app */ = {isa = PBXFileReference; explicitFileType = wrapper.application; includeInIndex = 0; path = Demo.app; sourceTree = BUILT_PRODUCTS_DIR; };
		24289188217C5C2F00957868 /* AppDelegate.swift */ = {isa = PBXFileReference; lastKnownFileType = sourcecode.swift; path = AppDelegate.swift; sourceTree = "<group>"; };
		2428918A217C5C2F00957868 /* ViewController.swift */ = {isa = PBXFileReference; lastKnownFileType = sourcecode.swift; path = ViewController.swift; sourceTree = "<group>"; };
		2428918D217C5C2F00957868 /* Base */ = {isa = PBXFileReference; lastKnownFileType = file.storyboard; name = Base; path = Base.lproj/Main.storyboard; sourceTree = "<group>"; };
		2428918F217C5C2F00957868 /* Assets.xcassets */ = {isa = PBXFileReference; lastKnownFileType = folder.assetcatalog; path = Assets.xcassets; sourceTree = "<group>"; };
		24289192217C5C2F00957868 /* Base */ = {isa = PBXFileReference; lastKnownFileType = file.storyboard; name = Base; path = Base.lproj/LaunchScreen.storyboard; sourceTree = "<group>"; };
		24289194217C5C3000957868 /* Info.plist */ = {isa = PBXFileReference; lastKnownFileType = text.plist.xml; path = Info.plist; sourceTree = "<group>"; };
		24289199217C5C3000957868 /* DemoTests.xctest */ = {isa = PBXFileReference; explicitFileType = wrapper.cfbundle; includeInIndex = 0; path = DemoTests.xctest; sourceTree = BUILT_PRODUCTS_DIR; };
		2428919D217C5C3000957868 /* DemoTests.swift */ = {isa = PBXFileReference; lastKnownFileType = sourcecode.swift; path = DemoTests.swift; sourceTree = "<group>"; };
		2428919F217C5C3000957868 /* Info.plist */ = {isa = PBXFileReference; lastKnownFileType = text.plist.xml; path = Info.plist; sourceTree = "<group>"; };
		242891A4217C5C3000957868 /* DemoUITests.xctest */ = {isa = PBXFileReference; explicitFileType = wrapper.cfbundle; includeInIndex = 0; path = DemoUITests.xctest; sourceTree = BUILT_PRODUCTS_DIR; };
		242891A8217C5C3000957868 /* DemoUITests.swift */ = {isa = PBXFileReference; lastKnownFileType = sourcecode.swift; path = DemoUITests.swift; sourceTree = "<group>"; };
		242891AA217C5C3000957868 /* Info.plist */ = {isa = PBXFileReference; lastKnownFileType = text.plist.xml; path = Info.plist; sourceTree = "<group>"; };
		242891BE217C5CAB00957868 /* DataModule.framework */ = {isa = PBXFileReference; explicitFileType = wrapper.framework; path = DataModule.framework; sourceTree = BUILT_PRODUCTS_DIR; };
		242891C2217C5CC300957868 /* Alamofire.framework */ = {isa = PBXFileReference; lastKnownFileType = wrapper.framework; name = Alamofire.framework; path = ../../../Carthage/Build/iOS/Alamofire.framework; sourceTree = "<group>"; };
		242891C3217C5CC300957868 /* RxAlamofire.framework */ = {isa = PBXFileReference; lastKnownFileType = wrapper.framework; name = RxAlamofire.framework; path = ../../../Carthage/Build/iOS/RxAlamofire.framework; sourceTree = "<group>"; };
		242891C4217C5CC300957868 /* RxSwift.framework */ = {isa = PBXFileReference; lastKnownFileType = wrapper.framework; name = RxSwift.framework; path = ../../../Carthage/Build/iOS/RxSwift.framework; sourceTree = "<group>"; };
		242891C5217C5CC300957868 /* RxCocoa.framework */ = {isa = PBXFileReference; lastKnownFileType = wrapper.framework; name = RxCocoa.framework; path = ../../../Carthage/Build/iOS/RxCocoa.framework; sourceTree = "<group>"; };
/* End PBXFileReference section */

/* Begin PBXFrameworksBuildPhase section */
		24289182217C5C2F00957868 /* Frameworks */ = {
			isa = PBXFrameworksBuildPhase;
			buildActionMask = 2147483647;
			files = (
				242891D0217C5CCC00957868 /* RxSwift.framework in Frameworks */,
				242891CE217C5CCC00957868 /* RxCocoa.framework in Frameworks */,
				242891CA217C5CCC00957868 /* Alamofire.framework in Frameworks */,
				242891D2217C5CCC00957868 /* DataModule.framework in Frameworks */,
				242891CC217C5CCC00957868 /* RxAlamofire.framework in Frameworks */,
			);
			runOnlyForDeploymentPostprocessing = 0;
		};
		24289196217C5C3000957868 /* Frameworks */ = {
			isa = PBXFrameworksBuildPhase;
			buildActionMask = 2147483647;
			files = (
			);
			runOnlyForDeploymentPostprocessing = 0;
		};
		242891A1217C5C3000957868 /* Frameworks */ = {
			isa = PBXFrameworksBuildPhase;
			buildActionMask = 2147483647;
			files = (
			);
			runOnlyForDeploymentPostprocessing = 0;
		};
/* End PBXFrameworksBuildPhase section */

/* Begin PBXGroup section */
		2428917C217C5C2F00957868 = {
			isa = PBXGroup;
			children = (
				242891C2217C5CC300957868 /* Alamofire.framework */,
				242891C3217C5CC300957868 /* RxAlamofire.framework */,
				242891C5217C5CC300957868 /* RxCocoa.framework */,
				242891C4217C5CC300957868 /* RxSwift.framework */,
				242891BE217C5CAB00957868 /* DataModule.framework */,
				24289187217C5C2F00957868 /* Demo */,
				2428919C217C5C3000957868 /* DemoTests */,
				242891A7217C5C3000957868 /* DemoUITests */,
				24289186217C5C2F00957868 /* Products */,
			);
			sourceTree = "<group>";
		};
		24289186217C5C2F00957868 /* Products */ = {
			isa = PBXGroup;
			children = (
				24289185217C5C2F00957868 /* Demo.app */,
				24289199217C5C3000957868 /* DemoTests.xctest */,
				242891A4217C5C3000957868 /* DemoUITests.xctest */,
			);
			name = Products;
			sourceTree = "<group>";
		};
		24289187217C5C2F00957868 /* Demo */ = {
			isa = PBXGroup;
			children = (
				24289188217C5C2F00957868 /* AppDelegate.swift */,
				2428918A217C5C2F00957868 /* ViewController.swift */,
				2428918C217C5C2F00957868 /* Main.storyboard */,
				2428918F217C5C2F00957868 /* Assets.xcassets */,
				24289191217C5C2F00957868 /* LaunchScreen.storyboard */,
				24289194217C5C3000957868 /* Info.plist */,
			);
			path = Demo;
			sourceTree = "<group>";
		};
		2428919C217C5C3000957868 /* DemoTests */ = {
			isa = PBXGroup;
			children = (
				2428919D217C5C3000957868 /* DemoTests.swift */,
				2428919F217C5C3000957868 /* Info.plist */,
			);
			path = DemoTests;
			sourceTree = "<group>";
		};
		242891A7217C5C3000957868 /* DemoUITests */ = {
			isa = PBXGroup;
			children = (
				242891A8217C5C3000957868 /* DemoUITests.swift */,
				242891AA217C5C3000957868 /* Info.plist */,
			);
			path = DemoUITests;
			sourceTree = "<group>";
		};
/* End PBXGroup section */

/* Begin PBXNativeTarget section */
		24289184217C5C2F00957868 /* Demo */ = {
			isa = PBXNativeTarget;
			buildConfigurationList = 242891AD217C5C3000957868 /* Build configuration list for PBXNativeTarget "Demo" */;
			buildPhases = (
				24289181217C5C2F00957868 /* Sources */,
				24289182217C5C2F00957868 /* Frameworks */,
				24289183217C5C2F00957868 /* Resources */,
				242891D4217C5CCC00957868 /* Embed Frameworks */,
			);
			buildRules = (
			);
			dependencies = (
			);
			name = Demo;
			productName = Demo;
			productReference = 24289185217C5C2F00957868 /* Demo.app */;
			productType = "com.apple.product-type.application";
		};
		24289198217C5C3000957868 /* DemoTests */ = {
			isa = PBXNativeTarget;
			buildConfigurationList = 242891B0217C5C3000957868 /* Build configuration list for PBXNativeTarget "DemoTests" */;
			buildPhases = (
				24289195217C5C3000957868 /* Sources */,
				24289196217C5C3000957868 /* Frameworks */,
				24289197217C5C3000957868 /* Resources */,
			);
			buildRules = (
			);
			dependencies = (
				2428919B217C5C3000957868 /* PBXTargetDependency */,
			);
			name = DemoTests;
			productName = DemoTests;
			productReference = 24289199217C5C3000957868 /* DemoTests.xctest */;
			productType = "com.apple.product-type.bundle.unit-test";
		};
		242891A3217C5C3000957868 /* DemoUITests */ = {
			isa = PBXNativeTarget;
			buildConfigurationList = 242891B3217C5C3000957868 /* Build configuration list for PBXNativeTarget "DemoUITests" */;
			buildPhases = (
				242891A0217C5C3000957868 /* Sources */,
				242891A1217C5C3000957868 /* Frameworks */,
				242891A2217C5C3000957868 /* Resources */,
			);
			buildRules = (
			);
			dependencies = (
				242891A6217C5C3000957868 /* PBXTargetDependency */,
			);
			name = DemoUITests;
			productName = DemoUITests;
			productReference = 242891A4217C5C3000957868 /* DemoUITests.xctest */;
			productType = "com.apple.product-type.bundle.ui-testing";
		};
/* End PBXNativeTarget section */

/* Begin PBXProject section */
		2428917D217C5C2F00957868 /* Project object */ = {
			isa = PBXProject;
			attributes = {
				LastSwiftUpdateCheck = 0920;
				LastUpgradeCheck = 0920;
				ORGANIZATIONNAME = "Gerald Adorza";
				TargetAttributes = {
					24289184217C5C2F00957868 = {
						CreatedOnToolsVersion = 9.2;
						ProvisioningStyle = Automatic;
					};
					24289198217C5C3000957868 = {
						CreatedOnToolsVersion = 9.2;
						ProvisioningStyle = Automatic;
						TestTargetID = 24289184217C5C2F00957868;
					};
					242891A3217C5C3000957868 = {
						CreatedOnToolsVersion = 9.2;
						ProvisioningStyle = Automatic;
						TestTargetID = 24289184217C5C2F00957868;
					};
				};
			};
			buildConfigurationList = 24289180217C5C2F00957868 /* Build configuration list for PBXProject "Demo" */;
			compatibilityVersion = "Xcode 8.0";
			developmentRegion = en;
			hasScannedForEncodings = 0;
			knownRegions = (
				en,
				Base,
			);
			mainGroup = 2428917C217C5C2F00957868;
			productRefGroup = 24289186217C5C2F00957868 /* Products */;
			projectDirPath = "";
			projectRoot = "";
			targets = (
				24289184217C5C2F00957868 /* Demo */,
				24289198217C5C3000957868 /* DemoTests */,
				242891A3217C5C3000957868 /* DemoUITests */,
			);
		};
/* End PBXProject section */

/* Begin PBXResourcesBuildPhase section */
		24289183217C5C2F00957868 /* Resources */ = {
			isa = PBXResourcesBuildPhase;
			buildActionMask = 2147483647;
			files = (
				24289193217C5C2F00957868 /* LaunchScreen.storyboard in Resources */,
				24289190217C5C2F00957868 /* Assets.xcassets in Resources */,
				2428918E217C5C2F00957868 /* Main.storyboard in Resources */,
			);
			runOnlyForDeploymentPostprocessing = 0;
		};
		24289197217C5C3000957868 /* Resources */ = {
			isa = PBXResourcesBuildPhase;
			buildActionMask = 2147483647;
			files = (
			);
			runOnlyForDeploymentPostprocessing = 0;
		};
		242891A2217C5C3000957868 /* Resources */ = {
			isa = PBXResourcesBuildPhase;
			buildActionMask = 2147483647;
			files = (
			);
			runOnlyForDeploymentPostprocessing = 0;
		};
/* End PBXResourcesBuildPhase section */

/* Begin PBXSourcesBuildPhase section */
		24289181217C5C2F00957868 /* Sources */ = {
			isa = PBXSourcesBuildPhase;
			buildActionMask = 2147483647;
			files = (
				2428918B217C5C2F00957868 /* ViewController.swift in Sources */,
				24289189217C5C2F00957868 /* AppDelegate.swift in Sources */,
			);
			runOnlyForDeploymentPostprocessing = 0;
		};
		24289195217C5C3000957868 /* Sources */ = {
			isa = PBXSourcesBuildPhase;
			buildActionMask = 2147483647;
			files = (
				2428919E217C5C3000957868 /* DemoTests.swift in Sources */,
			);
			runOnlyForDeploymentPostprocessing = 0;
		};
		242891A0217C5C3000957868 /* Sources */ = {
			isa = PBXSourcesBuildPhase;
			buildActionMask = 2147483647;
			files = (
				242891A9217C5C3000957868 /* DemoUITests.swift in Sources */,
			);
			runOnlyForDeploymentPostprocessing = 0;
		};
/* End PBXSourcesBuildPhase section */

/* Begin PBXTargetDependency section */
		2428919B217C5C3000957868 /* PBXTargetDependency */ = {
			isa = PBXTargetDependency;
			target = 24289184217C5C2F00957868 /* Demo */;
			targetProxy = 2428919A217C5C3000957868 /* PBXContainerItemProxy */;
		};
		242891A6217C5C3000957868 /* PBXTargetDependency */ = {
			isa = PBXTargetDependency;
			target = 24289184217C5C2F00957868 /* Demo */;
			targetProxy = 242891A5217C5C3000957868 /* PBXContainerItemProxy */;
		};
/* End PBXTargetDependency section */

/* Begin PBXVariantGroup section */
		2428918C217C5C2F00957868 /* Main.storyboard */ = {
			isa = PBXVariantGroup;
			children = (
				2428918D217C5C2F00957868 /* Base */,
			);
			name = Main.storyboard;
			sourceTree = "<group>";
		};
		24289191217C5C2F00957868 /* LaunchScreen.storyboard */ = {
			isa = PBXVariantGroup;
			children = (
				24289192217C5C2F00957868 /* Base */,
			);
			name = LaunchScreen.storyboard;
			sourceTree = "<group>";
		};
/* End PBXVariantGroup section */

/* Begin XCBuildConfiguration section */
		242891AB217C5C3000957868 /* Debug */ = {
			isa = XCBuildConfiguration;
			buildSettings = {
				ALWAYS_SEARCH_USER_PATHS = NO;
				CLANG_ANALYZER_NONNULL = YES;
				CLANG_ANALYZER_NUMBER_OBJECT_CONVERSION = YES_AGGRESSIVE;
				CLANG_CXX_LANGUAGE_STANDARD = "gnu++14";
				CLANG_CXX_LIBRARY = "libc++";
				CLANG_ENABLE_MODULES = YES;
				CLANG_ENABLE_OBJC_ARC = YES;
				CLANG_WARN_BLOCK_CAPTURE_AUTORELEASING = YES;
				CLANG_WARN_BOOL_CONVERSION = YES;
				CLANG_WARN_COMMA = YES;
				CLANG_WARN_CONSTANT_CONVERSION = YES;
				CLANG_WARN_DIRECT_OBJC_ISA_USAGE = YES_ERROR;
				CLANG_WARN_DOCUMENTATION_COMMENTS = YES;
				CLANG_WARN_EMPTY_BODY = YES;
				CLANG_WARN_ENUM_CONVERSION = YES;
				CLANG_WARN_INFINITE_RECURSION = YES;
				CLANG_WARN_INT_CONVERSION = YES;
				CLANG_WARN_NON_LITERAL_NULL_CONVERSION = YES;
				CLANG_WARN_OBJC_LITERAL_CONVERSION = YES;
				CLANG_WARN_OBJC_ROOT_CLASS = YES_ERROR;
				CLANG_WARN_RANGE_LOOP_ANALYSIS = YES;
				CLANG_WARN_STRICT_PROTOTYPES = YES;
				CLANG_WARN_SUSPICIOUS_MOVE = YES;
				CLANG_WARN_UNGUARDED_AVAILABILITY = YES_AGGRESSIVE;
				CLANG_WARN_UNREACHABLE_CODE = YES;
				CLANG_WARN__DUPLICATE_METHOD_MATCH = YES;
				CODE_SIGN_IDENTITY = "iPhone Developer";
				COPY_PHASE_STRIP = NO;
				DEBUG_INFORMATION_FORMAT = dwarf;
				ENABLE_STRICT_OBJC_MSGSEND = YES;
				ENABLE_TESTABILITY = YES;
				GCC_C_LANGUAGE_STANDARD = gnu11;
				GCC_DYNAMIC_NO_PIC = NO;
				GCC_NO_COMMON_BLOCKS = YES;
				GCC_OPTIMIZATION_LEVEL = 0;
				GCC_PREPROCESSOR_DEFINITIONS = (
					"DEBUG=1",
					"$(inherited)",
				);
				GCC_WARN_64_TO_32_BIT_CONVERSION = YES;
				GCC_WARN_ABOUT_RETURN_TYPE = YES_ERROR;
				GCC_WARN_UNDECLARED_SELECTOR = YES;
				GCC_WARN_UNINITIALIZED_AUTOS = YES_AGGRESSIVE;
				GCC_WARN_UNUSED_FUNCTION = YES;
				GCC_WARN_UNUSED_VARIABLE = YES;
				IPHONEOS_DEPLOYMENT_TARGET = 11.2;
				MTL_ENABLE_DEBUG_INFO = YES;
				ONLY_ACTIVE_ARCH = YES;
				SDKROOT = iphoneos;
				SWIFT_ACTIVE_COMPILATION_CONDITIONS = DEBUG;
				SWIFT_OPTIMIZATION_LEVEL = "-Onone";
			};
			name = Debug;
		};
		242891AC217C5C3000957868 /* Release */ = {
			isa = XCBuildConfiguration;
			buildSettings = {
				ALWAYS_SEARCH_USER_PATHS = NO;
				CLANG_ANALYZER_NONNULL = YES;
				CLANG_ANALYZER_NUMBER_OBJECT_CONVERSION = YES_AGGRESSIVE;
				CLANG_CXX_LANGUAGE_STANDARD = "gnu++14";
				CLANG_CXX_LIBRARY = "libc++";
				CLANG_ENABLE_MODULES = YES;
				CLANG_ENABLE_OBJC_ARC = YES;
				CLANG_WARN_BLOCK_CAPTURE_AUTORELEASING = YES;
				CLANG_WARN_BOOL_CONVERSION = YES;
				CLANG_WARN_COMMA = YES;
				CLANG_WARN_CONSTANT_CONVERSION = YES;
				CLANG_WARN_DIRECT_OBJC_ISA_USAGE = YES_ERROR;
				CLANG_WARN_DOCUMENTATION_COMMENTS = YES;
				CLANG_WARN_EMPTY_BODY = YES;
				CLANG_WARN_ENUM_CONVERSION = YES;
				CLANG_WARN_INFINITE_RECURSION = YES;
				CLANG_WARN_INT_CONVERSION = YES;
				CLANG_WARN_NON_LITERAL_NULL_CONVERSION = YES;
				CLANG_WARN_OBJC_LITERAL_CONVERSION = YES;
				CLANG_WARN_OBJC_ROOT_CLASS = YES_ERROR;
				CLANG_WARN_RANGE_LOOP_ANALYSIS = YES;
				CLANG_WARN_STRICT_PROTOTYPES = YES;
				CLANG_WARN_SUSPICIOUS_MOVE = YES;
				CLANG_WARN_UNGUARDED_AVAILABILITY = YES_AGGRESSIVE;
				CLANG_WARN_UNREACHABLE_CODE = YES;
				CLANG_WARN__DUPLICATE_METHOD_MATCH = YES;
				CODE_SIGN_IDENTITY = "iPhone Developer";
				COPY_PHASE_STRIP = NO;
				DEBUG_INFORMATION_FORMAT = "dwarf-with-dsym";
				ENABLE_NS_ASSERTIONS = NO;
				ENABLE_STRICT_OBJC_MSGSEND = YES;
				GCC_C_LANGUAGE_STANDARD = gnu11;
				GCC_NO_COMMON_BLOCKS = YES;
				GCC_WARN_64_TO_32_BIT_CONVERSION = YES;
				GCC_WARN_ABOUT_RETURN_TYPE = YES_ERROR;
				GCC_WARN_UNDECLARED_SELECTOR = YES;
				GCC_WARN_UNINITIALIZED_AUTOS = YES_AGGRESSIVE;
				GCC_WARN_UNUSED_FUNCTION = YES;
				GCC_WARN_UNUSED_VARIABLE = YES;
				IPHONEOS_DEPLOYMENT_TARGET = 11.2;
				MTL_ENABLE_DEBUG_INFO = NO;
				SDKROOT = iphoneos;
				SWIFT_OPTIMIZATION_LEVEL = "-Owholemodule";
				VALIDATE_PRODUCT = YES;
			};
			name = Release;
		};
		242891AE217C5C3000957868 /* Debug */ = {
			isa = XCBuildConfiguration;
			buildSettings = {
				ASSETCATALOG_COMPILER_APPICON_NAME = AppIcon;
				CODE_SIGN_STYLE = Automatic;
				FRAMEWORK_SEARCH_PATHS = "$(PROJECT_DIR)/../../../Carthage/Build/iOS";
				INFOPLIST_FILE = Demo/Info.plist;
				LD_RUNPATH_SEARCH_PATHS = "$(inherited) @executable_path/Frameworks";
				PRODUCT_BUNDLE_IDENTIFIER = ph.com.softwaresaiyajin.Demo;
				PRODUCT_NAME = "$(TARGET_NAME)";
				SWIFT_VERSION = 4.0;
				TARGETED_DEVICE_FAMILY = "1,2";
			};
			name = Debug;
		};
		242891AF217C5C3000957868 /* Release */ = {
			isa = XCBuildConfiguration;
			buildSettings = {
				ASSETCATALOG_COMPILER_APPICON_NAME = AppIcon;
				CODE_SIGN_STYLE = Automatic;
				FRAMEWORK_SEARCH_PATHS = "$(PROJECT_DIR)/../../../Carthage/Build/iOS";
				INFOPLIST_FILE = Demo/Info.plist;
				LD_RUNPATH_SEARCH_PATHS = "$(inherited) @executable_path/Frameworks";
				PRODUCT_BUNDLE_IDENTIFIER = ph.com.softwaresaiyajin.Demo;
				PRODUCT_NAME = "$(TARGET_NAME)";
				SWIFT_VERSION = 4.0;
				TARGETED_DEVICE_FAMILY = "1,2";
			};
			name = Release;
		};
		242891B1217C5C3000957868 /* Debug */ = {
			isa = XCBuildConfiguration;
			buildSettings = {
				ALWAYS_EMBED_SWIFT_STANDARD_LIBRARIES = YES;
				BUNDLE_LOADER = "$(TEST_HOST)";
				CODE_SIGN_STYLE = Automatic;
				INFOPLIST_FILE = DemoTests/Info.plist;
				LD_RUNPATH_SEARCH_PATHS = "$(inherited) @executable_path/Frameworks @loader_path/Frameworks";
				PRODUCT_BUNDLE_IDENTIFIER = ph.com.softwaresaiyajin.DemoTests;
				PRODUCT_NAME = "$(TARGET_NAME)";
				SWIFT_VERSION = 4.0;
				TARGETED_DEVICE_FAMILY = "1,2";
				TEST_HOST = "$(BUILT_PRODUCTS_DIR)/Demo.app/Demo";
			};
			name = Debug;
		};
		242891B2217C5C3000957868 /* Release */ = {
			isa = XCBuildConfiguration;
			buildSettings = {
				ALWAYS_EMBED_SWIFT_STANDARD_LIBRARIES = YES;
				BUNDLE_LOADER = "$(TEST_HOST)";
				CODE_SIGN_STYLE = Automatic;
				INFOPLIST_FILE = DemoTests/Info.plist;
				LD_RUNPATH_SEARCH_PATHS = "$(inherited) @executable_path/Frameworks @loader_path/Frameworks";
				PRODUCT_BUNDLE_IDENTIFIER = ph.com.softwaresaiyajin.DemoTests;
				PRODUCT_NAME = "$(TARGET_NAME)";
				SWIFT_VERSION = 4.0;
				TARGETED_DEVICE_FAMILY = "1,2";
				TEST_HOST = "$(BUILT_PRODUCTS_DIR)/Demo.app/Demo";
			};
			name = Release;
		};
		242891B4217C5C3000957868 /* Debug */ = {
			isa = XCBuildConfiguration;
			buildSettings = {
				ALWAYS_EMBED_SWIFT_STANDARD_LIBRARIES = YES;
				CODE_SIGN_STYLE = Automatic;
				INFOPLIST_FILE = DemoUITests/Info.plist;
				LD_RUNPATH_SEARCH_PATHS = "$(inherited) @executable_path/Frameworks @loader_path/Frameworks";
				PRODUCT_BUNDLE_IDENTIFIER = ph.com.softwaresaiyajin.DemoUITests;
				PRODUCT_NAME = "$(TARGET_NAME)";
				SWIFT_VERSION = 4.0;
				TARGETED_DEVICE_FAMILY = "1,2";
				TEST_TARGET_NAME = Demo;
			};
			name = Debug;
		};
		242891B5217C5C3000957868 /* Release */ = {
			isa = XCBuildConfiguration;
			buildSettings = {
				ALWAYS_EMBED_SWIFT_STANDARD_LIBRARIES = YES;
				CODE_SIGN_STYLE = Automatic;
				INFOPLIST_FILE = DemoUITests/Info.plist;
				LD_RUNPATH_SEARCH_PATHS = "$(inherited) @executable_path/Frameworks @loader_path/Frameworks";
				PRODUCT_BUNDLE_IDENTIFIER = ph.com.softwaresaiyajin.DemoUITests;
				PRODUCT_NAME = "$(TARGET_NAME)";
				SWIFT_VERSION = 4.0;
				TARGETED_DEVICE_FAMILY = "1,2";
				TEST_TARGET_NAME = Demo;
			};
			name = Release;
		};
/* End XCBuildConfiguration section */

/* Begin XCConfigurationList section */
		24289180217C5C2F00957868 /* Build configuration list for PBXProject "Demo" */ = {
			isa = XCConfigurationList;
			buildConfigurations = (
				242891AB217C5C3000957868 /* Debug */,
				242891AC217C5C3000957868 /* Release */,
			);
			defaultConfigurationIsVisible = 0;
			defaultConfigurationName = Release;
		};
		242891AD217C5C3000957868 /* Build configuration list for PBXNativeTarget "Demo" */ = {
			isa = XCConfigurationList;
			buildConfigurations = (
				242891AE217C5C3000957868 /* Debug */,
				242891AF217C5C3000957868 /* Release */,
			);
			defaultConfigurationIsVisible = 0;
			defaultConfigurationName = Release;
		};
		242891B0217C5C3000957868 /* Build configuration list for PBXNativeTarget "DemoTests" */ = {
			isa = XCConfigurationList;
			buildConfigurations = (
				242891B1217C5C3000957868 /* Debug */,
				242891B2217C5C3000957868 /* Release */,
			);
			defaultConfigurationIsVisible = 0;
			defaultConfigurationName = Release;
		};
		242891B3217C5C3000957868 /* Build configuration list for PBXNativeTarget "DemoUITests" */ = {
			isa = XCConfigurationList;
			buildConfigurations = (
				242891B4217C5C3000957868 /* Debug */,
				242891B5217C5C3000957868 /* Release */,
			);
			defaultConfigurationIsVisible = 0;
			defaultConfigurationName = Release;
		};
/* End XCConfigurationList section */
	};
	rootObject = 2428917D217C5C2F00957868 /* Project object */;
}
