// !$*UTF8*$!
{
	archiveVersion = 1;
	classes = {
	};
	objectVersion = 48;
	objects = {

/* Begin PBXBuildFile section */
		243A4F5F217CD1F200538280 /* AppDelegate.swift in Sources */ = {isa = PBXBuildFile; fileRef = 243A4F5E217CD1F200538280 /* AppDelegate.swift */; };
		243A4F61217CD1F200538280 /* ViewController.swift in Sources */ = {isa = PBXBuildFile; fileRef = 243A4F60217CD1F200538280 /* ViewController.swift */; };
		243A4F64217CD1F200538280 /* Main.storyboard in Resources */ = {isa = PBXBuildFile; fileRef = 243A4F62217CD1F200538280 /* Main.storyboard */; };
		243A4F66217CD1F200538280 /* Assets.xcassets in Resources */ = {isa = PBXBuildFile; fileRef = 243A4F65217CD1F200538280 /* Assets.xcassets */; };
		243A4F69217CD1F200538280 /* LaunchScreen.storyboard in Resources */ = {isa = PBXBuildFile; fileRef = 243A4F67217CD1F200538280 /* LaunchScreen.storyboard */; };
		243A4F74217CD1F200538280 /* DemoTests.swift in Sources */ = {isa = PBXBuildFile; fileRef = 243A4F73217CD1F200538280 /* DemoTests.swift */; };
		243A4F7F217CD1F200538280 /* DemoUITests.swift in Sources */ = {isa = PBXBuildFile; fileRef = 243A4F7E217CD1F200538280 /* DemoUITests.swift */; };
		243A4F98217CD26900538280 /* RxCocoa.framework in Frameworks */ = {isa = PBXBuildFile; fileRef = 243A4F94217CD26000538280 /* RxCocoa.framework */; };
		243A4F99217CD26900538280 /* RxCocoa.framework in Embed Frameworks */ = {isa = PBXBuildFile; fileRef = 243A4F94217CD26000538280 /* RxCocoa.framework */; settings = {ATTRIBUTES = (CodeSignOnCopy, RemoveHeadersOnCopy, ); }; };
		243A4F9A217CD26900538280 /* RxSwift.framework in Frameworks */ = {isa = PBXBuildFile; fileRef = 243A4F95217CD26000538280 /* RxSwift.framework */; };
		243A4F9B217CD26900538280 /* RxSwift.framework in Embed Frameworks */ = {isa = PBXBuildFile; fileRef = 243A4F95217CD26000538280 /* RxSwift.framework */; settings = {ATTRIBUTES = (CodeSignOnCopy, RemoveHeadersOnCopy, ); }; };
		243A4F9C217CD26900538280 /* EntityDetailModule.framework in Frameworks */ = {isa = PBXBuildFile; fileRef = 243A4F90217CD25300538280 /* EntityDetailModule.framework */; };
		243A4F9D217CD26900538280 /* EntityDetailModule.framework in Embed Frameworks */ = {isa = PBXBuildFile; fileRef = 243A4F90217CD25300538280 /* EntityDetailModule.framework */; settings = {ATTRIBUTES = (CodeSignOnCopy, RemoveHeadersOnCopy, ); }; };
		243A4FA0217CD2B300538280 /* Mocks.swift in Sources */ = {isa = PBXBuildFile; fileRef = 243A4F9F217CD2B300538280 /* Mocks.swift */; };
/* End PBXBuildFile section */

/* Begin PBXContainerItemProxy section */
		243A4F70217CD1F200538280 /* PBXContainerItemProxy */ = {
			isa = PBXContainerItemProxy;
			containerPortal = 243A4F53217CD1F200538280 /* Project object */;
			proxyType = 1;
			remoteGlobalIDString = 243A4F5A217CD1F200538280;
			remoteInfo = Demo;
		};
		243A4F7B217CD1F200538280 /* PBXContainerItemProxy */ = {
			isa = PBXContainerItemProxy;
			containerPortal = 243A4F53217CD1F200538280 /* Project object */;
			proxyType = 1;
			remoteGlobalIDString = 243A4F5A217CD1F200538280;
			remoteInfo = Demo;
		};
/* End PBXContainerItemProxy section */

/* Begin PBXCopyFilesBuildPhase section */
		243A4F9E217CD26900538280 /* Embed Frameworks */ = {
			isa = PBXCopyFilesBuildPhase;
			buildActionMask = 2147483647;
			dstPath = "";
			dstSubfolderSpec = 10;
			files = (
				243A4F9D217CD26900538280 /* EntityDetailModule.framework in Embed Frameworks */,
				243A4F9B217CD26900538280 /* RxSwift.framework in Embed Frameworks */,
				243A4F99217CD26900538280 /* RxCocoa.framework in Embed Frameworks */,
			);
			name = "Embed Frameworks";
			runOnlyForDeploymentPostprocessing = 0;
		};
/* End PBXCopyFilesBuildPhase section */

/* Begin PBXFileReference section */
		243A4F5B217CD1F200538280 /* Demo.app */ = {isa = PBXFileReference; explicitFileType = wrapper.application; includeInIndex = 0; path = Demo.app; sourceTree = BUILT_PRODUCTS_DIR; };
		243A4F5E217CD1F200538280 /* AppDelegate.swift */ = {isa = PBXFileReference; lastKnownFileType = sourcecode.swift; path = AppDelegate.swift; sourceTree = "<group>"; };
		243A4F60217CD1F200538280 /* ViewController.swift */ = {isa = PBXFileReference; lastKnownFileType = sourcecode.swift; path = ViewController.swift; sourceTree = "<group>"; };
		243A4F63217CD1F200538280 /* Base */ = {isa = PBXFileReference; lastKnownFileType = file.storyboard; name = Base; path = Base.lproj/Main.storyboard; sourceTree = "<group>"; };
		243A4F65217CD1F200538280 /* Assets.xcassets */ = {isa = PBXFileReference; lastKnownFileType = folder.assetcatalog; path = Assets.xcassets; sourceTree = "<group>"; };
		243A4F68217CD1F200538280 /* Base */ = {isa = PBXFileReference; lastKnownFileType = file.storyboard; name = Base; path = Base.lproj/LaunchScreen.storyboard; sourceTree = "<group>"; };
		243A4F6A217CD1F200538280 /* Info.plist */ = {isa = PBXFileReference; lastKnownFileType = text.plist.xml; path = Info.plist; sourceTree = "<group>"; };
		243A4F6F217CD1F200538280 /* DemoTests.xctest */ = {isa = PBXFileReference; explicitFileType = wrapper.cfbundle; includeInIndex = 0; path = DemoTests.xctest; sourceTree = BUILT_PRODUCTS_DIR; };
		243A4F73217CD1F200538280 /* DemoTests.swift */ = {isa = PBXFileReference; lastKnownFileType = sourcecode.swift; path = DemoTests.swift; sourceTree = "<group>"; };
		243A4F75217CD1F200538280 /* Info.plist */ = {isa = PBXFileReference; lastKnownFileType = text.plist.xml; path = Info.plist; sourceTree = "<group>"; };
		243A4F7A217CD1F200538280 /* DemoUITests.xctest */ = {isa = PBXFileReference; explicitFileType = wrapper.cfbundle; includeInIndex = 0; path = DemoUITests.xctest; sourceTree = BUILT_PRODUCTS_DIR; };
		243A4F7E217CD1F200538280 /* DemoUITests.swift */ = {isa = PBXFileReference; lastKnownFileType = sourcecode.swift; path = DemoUITests.swift; sourceTree = "<group>"; };
		243A4F80217CD1F200538280 /* Info.plist */ = {isa = PBXFileReference; lastKnownFileType = text.plist.xml; path = Info.plist; sourceTree = "<group>"; };
		243A4F90217CD25300538280 /* EntityDetailModule.framework */ = {isa = PBXFileReference; explicitFileType = wrapper.framework; path = EntityDetailModule.framework; sourceTree = BUILT_PRODUCTS_DIR; };
		243A4F94217CD26000538280 /* RxCocoa.framework */ = {isa = PBXFileReference; lastKnownFileType = wrapper.framework; name = RxCocoa.framework; path = ../../../Carthage/Build/iOS/RxCocoa.framework; sourceTree = "<group>"; };
		243A4F95217CD26000538280 /* RxSwift.framework */ = {isa = PBXFileReference; lastKnownFileType = wrapper.framework; name = RxSwift.framework; path = ../../../Carthage/Build/iOS/RxSwift.framework; sourceTree = "<group>"; };
		243A4F9F217CD2B300538280 /* Mocks.swift */ = {isa = PBXFileReference; lastKnownFileType = sourcecode.swift; path = Mocks.swift; sourceTree = "<group>"; };
/* End PBXFileReference section */

/* Begin PBXFrameworksBuildPhase section */
		243A4F58217CD1F200538280 /* Frameworks */ = {
			isa = PBXFrameworksBuildPhase;
			buildActionMask = 2147483647;
			files = (
				243A4F9C217CD26900538280 /* EntityDetailModule.framework in Frameworks */,
				243A4F9A217CD26900538280 /* RxSwift.framework in Frameworks */,
				243A4F98217CD26900538280 /* RxCocoa.framework in Frameworks */,
			);
			runOnlyForDeploymentPostprocessing = 0;
		};
		243A4F6C217CD1F200538280 /* Frameworks */ = {
			isa = PBXFrameworksBuildPhase;
			buildActionMask = 2147483647;
			files = (
			);
			runOnlyForDeploymentPostprocessing = 0;
		};
		243A4F77217CD1F200538280 /* Frameworks */ = {
			isa = PBXFrameworksBuildPhase;
			buildActionMask = 2147483647;
			files = (
			);
			runOnlyForDeploymentPostprocessing = 0;
		};
/* End PBXFrameworksBuildPhase section */

/* Begin PBXGroup section */
		243A4F52217CD1F200538280 = {
			isa = PBXGroup;
			children = (
				243A4F94217CD26000538280 /* RxCocoa.framework */,
				243A4F95217CD26000538280 /* RxSwift.framework */,
				243A4F90217CD25300538280 /* EntityDetailModule.framework */,
				243A4F5D217CD1F200538280 /* Demo */,
				243A4F72217CD1F200538280 /* DemoTests */,
				243A4F7D217CD1F200538280 /* DemoUITests */,
				243A4F5C217CD1F200538280 /* Products */,
			);
			sourceTree = "<group>";
		};
		243A4F5C217CD1F200538280 /* Products */ = {
			isa = PBXGroup;
			children = (
				243A4F5B217CD1F200538280 /* Demo.app */,
				243A4F6F217CD1F200538280 /* DemoTests.xctest */,
				243A4F7A217CD1F200538280 /* DemoUITests.xctest */,
			);
			name = Products;
			sourceTree = "<group>";
		};
		243A4F5D217CD1F200538280 /* Demo */ = {
			isa = PBXGroup;
			children = (
				243A4F5E217CD1F200538280 /* AppDelegate.swift */,
				243A4F60217CD1F200538280 /* ViewController.swift */,
				243A4F62217CD1F200538280 /* Main.storyboard */,
				243A4F65217CD1F200538280 /* Assets.xcassets */,
				243A4F67217CD1F200538280 /* LaunchScreen.storyboard */,
				243A4F6A217CD1F200538280 /* Info.plist */,
				243A4F9F217CD2B300538280 /* Mocks.swift */,
			);
			path = Demo;
			sourceTree = "<group>";
		};
		243A4F72217CD1F200538280 /* DemoTests */ = {
			isa = PBXGroup;
			children = (
				243A4F73217CD1F200538280 /* DemoTests.swift */,
				243A4F75217CD1F200538280 /* Info.plist */,
			);
			path = DemoTests;
			sourceTree = "<group>";
		};
		243A4F7D217CD1F200538280 /* DemoUITests */ = {
			isa = PBXGroup;
			children = (
				243A4F7E217CD1F200538280 /* DemoUITests.swift */,
				243A4F80217CD1F200538280 /* Info.plist */,
			);
			path = DemoUITests;
			sourceTree = "<group>";
		};
/* End PBXGroup section */

/* Begin PBXNativeTarget section */
		243A4F5A217CD1F200538280 /* Demo */ = {
			isa = PBXNativeTarget;
			buildConfigurationList = 243A4F83217CD1F200538280 /* Build configuration list for PBXNativeTarget "Demo" */;
			buildPhases = (
				243A4F57217CD1F200538280 /* Sources */,
				243A4F58217CD1F200538280 /* Frameworks */,
				243A4F59217CD1F200538280 /* Resources */,
				243A4F9E217CD26900538280 /* Embed Frameworks */,
			);
			buildRules = (
			);
			dependencies = (
			);
			name = Demo;
			productName = Demo;
			productReference = 243A4F5B217CD1F200538280 /* Demo.app */;
			productType = "com.apple.product-type.application";
		};
		243A4F6E217CD1F200538280 /* DemoTests */ = {
			isa = PBXNativeTarget;
			buildConfigurationList = 243A4F86217CD1F200538280 /* Build configuration list for PBXNativeTarget "DemoTests" */;
			buildPhases = (
				243A4F6B217CD1F200538280 /* Sources */,
				243A4F6C217CD1F200538280 /* Frameworks */,
				243A4F6D217CD1F200538280 /* Resources */,
			);
			buildRules = (
			);
			dependencies = (
				243A4F71217CD1F200538280 /* PBXTargetDependency */,
			);
			name = DemoTests;
			productName = DemoTests;
			productReference = 243A4F6F217CD1F200538280 /* DemoTests.xctest */;
			productType = "com.apple.product-type.bundle.unit-test";
		};
		243A4F79217CD1F200538280 /* DemoUITests */ = {
			isa = PBXNativeTarget;
			buildConfigurationList = 243A4F89217CD1F200538280 /* Build configuration list for PBXNativeTarget "DemoUITests" */;
			buildPhases = (
				243A4F76217CD1F200538280 /* Sources */,
				243A4F77217CD1F200538280 /* Frameworks */,
				243A4F78217CD1F200538280 /* Resources */,
			);
			buildRules = (
			);
			dependencies = (
				243A4F7C217CD1F200538280 /* PBXTargetDependency */,
			);
			name = DemoUITests;
			productName = DemoUITests;
			productReference = 243A4F7A217CD1F200538280 /* DemoUITests.xctest */;
			productType = "com.apple.product-type.bundle.ui-testing";
		};
/* End PBXNativeTarget section */

/* Begin PBXProject section */
		243A4F53217CD1F200538280 /* Project object */ = {
			isa = PBXProject;
			attributes = {
				LastSwiftUpdateCheck = 0920;
				LastUpgradeCheck = 0920;
				ORGANIZATIONNAME = "Gerald Adorza";
				TargetAttributes = {
					243A4F5A217CD1F200538280 = {
						CreatedOnToolsVersion = 9.2;
						ProvisioningStyle = Automatic;
					};
					243A4F6E217CD1F200538280 = {
						CreatedOnToolsVersion = 9.2;
						ProvisioningStyle = Automatic;
						TestTargetID = 243A4F5A217CD1F200538280;
					};
					243A4F79217CD1F200538280 = {
						CreatedOnToolsVersion = 9.2;
						ProvisioningStyle = Automatic;
						TestTargetID = 243A4F5A217CD1F200538280;
					};
				};
			};
			buildConfigurationList = 243A4F56217CD1F200538280 /* Build configuration list for PBXProject "Demo" */;
			compatibilityVersion = "Xcode 8.0";
			developmentRegion = en;
			hasScannedForEncodings = 0;
			knownRegions = (
				en,
				Base,
			);
			mainGroup = 243A4F52217CD1F200538280;
			productRefGroup = 243A4F5C217CD1F200538280 /* Products */;
			projectDirPath = "";
			projectRoot = "";
			targets = (
				243A4F5A217CD1F200538280 /* Demo */,
				243A4F6E217CD1F200538280 /* DemoTests */,
				243A4F79217CD1F200538280 /* DemoUITests */,
			);
		};
/* End PBXProject section */

/* Begin PBXResourcesBuildPhase section */
		243A4F59217CD1F200538280 /* Resources */ = {
			isa = PBXResourcesBuildPhase;
			buildActionMask = 2147483647;
			files = (
				243A4F69217CD1F200538280 /* LaunchScreen.storyboard in Resources */,
				243A4F66217CD1F200538280 /* Assets.xcassets in Resources */,
				243A4F64217CD1F200538280 /* Main.storyboard in Resources */,
			);
			runOnlyForDeploymentPostprocessing = 0;
		};
		243A4F6D217CD1F200538280 /* Resources */ = {
			isa = PBXResourcesBuildPhase;
			buildActionMask = 2147483647;
			files = (
			);
			runOnlyForDeploymentPostprocessing = 0;
		};
		243A4F78217CD1F200538280 /* Resources */ = {
			isa = PBXResourcesBuildPhase;
			buildActionMask = 2147483647;
			files = (
			);
			runOnlyForDeploymentPostprocessing = 0;
		};
/* End PBXResourcesBuildPhase section */

/* Begin PBXSourcesBuildPhase section */
		243A4F57217CD1F200538280 /* Sources */ = {
			isa = PBXSourcesBuildPhase;
			buildActionMask = 2147483647;
			files = (
				243A4F61217CD1F200538280 /* ViewController.swift in Sources */,
				243A4F5F217CD1F200538280 /* AppDelegate.swift in Sources */,
				243A4FA0217CD2B300538280 /* Mocks.swift in Sources */,
			);
			runOnlyForDeploymentPostprocessing = 0;
		};
		243A4F6B217CD1F200538280 /* Sources */ = {
			isa = PBXSourcesBuildPhase;
			buildActionMask = 2147483647;
			files = (
				243A4F74217CD1F200538280 /* DemoTests.swift in Sources */,
			);
			runOnlyForDeploymentPostprocessing = 0;
		};
		243A4F76217CD1F200538280 /* Sources */ = {
			isa = PBXSourcesBuildPhase;
			buildActionMask = 2147483647;
			files = (
				243A4F7F217CD1F200538280 /* DemoUITests.swift in Sources */,
			);
			runOnlyForDeploymentPostprocessing = 0;
		};
/* End PBXSourcesBuildPhase section */

/* Begin PBXTargetDependency section */
		243A4F71217CD1F200538280 /* PBXTargetDependency */ = {
			isa = PBXTargetDependency;
			target = 243A4F5A217CD1F200538280 /* Demo */;
			targetProxy = 243A4F70217CD1F200538280 /* PBXContainerItemProxy */;
		};
		243A4F7C217CD1F200538280 /* PBXTargetDependency */ = {
			isa = PBXTargetDependency;
			target = 243A4F5A217CD1F200538280 /* Demo */;
			targetProxy = 243A4F7B217CD1F200538280 /* PBXContainerItemProxy */;
		};
/* End PBXTargetDependency section */

/* Begin PBXVariantGroup section */
		243A4F62217CD1F200538280 /* Main.storyboard */ = {
			isa = PBXVariantGroup;
			children = (
				243A4F63217CD1F200538280 /* Base */,
			);
			name = Main.storyboard;
			sourceTree = "<group>";
		};
		243A4F67217CD1F200538280 /* LaunchScreen.storyboard */ = {
			isa = PBXVariantGroup;
			children = (
				243A4F68217CD1F200538280 /* Base */,
			);
			name = LaunchScreen.storyboard;
			sourceTree = "<group>";
		};
/* End PBXVariantGroup section */

/* Begin XCBuildConfiguration section */
		243A4F81217CD1F200538280 /* Debug */ = {
			isa = XCBuildConfiguration;
			buildSettings = {
				ALWAYS_SEARCH_USER_PATHS = NO;
				CLANG_ANALYZER_NONNULL = YES;
				CLANG_ANALYZER_NUMBER_OBJECT_CONVERSION = YES_AGGRESSIVE;
				CLANG_CXX_LANGUAGE_STANDARD = "gnu++14";
				CLANG_CXX_LIBRARY = "libc++";
				CLANG_ENABLE_MODULES = YES;
				CLANG_ENABLE_OBJC_ARC = YES;
				CLANG_WARN_BLOCK_CAPTURE_AUTORELEASING = YES;
				CLANG_WARN_BOOL_CONVERSION = YES;
				CLANG_WARN_COMMA = YES;
				CLANG_WARN_CONSTANT_CONVERSION = YES;
				CLANG_WARN_DIRECT_OBJC_ISA_USAGE = YES_ERROR;
				CLANG_WARN_DOCUMENTATION_COMMENTS = YES;
				CLANG_WARN_EMPTY_BODY = YES;
				CLANG_WARN_ENUM_CONVERSION = YES;
				CLANG_WARN_INFINITE_RECURSION = YES;
				CLANG_WARN_INT_CONVERSION = YES;
				CLANG_WARN_NON_LITERAL_NULL_CONVERSION = YES;
				CLANG_WARN_OBJC_LITERAL_CONVERSION = YES;
				CLANG_WARN_OBJC_ROOT_CLASS = YES_ERROR;
				CLANG_WARN_RANGE_LOOP_ANALYSIS = YES;
				CLANG_WARN_STRICT_PROTOTYPES = YES;
				CLANG_WARN_SUSPICIOUS_MOVE = YES;
				CLANG_WARN_UNGUARDED_AVAILABILITY = YES_AGGRESSIVE;
				CLANG_WARN_UNREACHABLE_CODE = YES;
				CLANG_WARN__DUPLICATE_METHOD_MATCH = YES;
				CODE_SIGN_IDENTITY = "iPhone Developer";
				COPY_PHASE_STRIP = NO;
				DEBUG_INFORMATION_FORMAT = dwarf;
				ENABLE_STRICT_OBJC_MSGSEND = YES;
				ENABLE_TESTABILITY = YES;
				GCC_C_LANGUAGE_STANDARD = gnu11;
				GCC_DYNAMIC_NO_PIC = NO;
				GCC_NO_COMMON_BLOCKS = YES;
				GCC_OPTIMIZATION_LEVEL = 0;
				GCC_PREPROCESSOR_DEFINITIONS = (
					"DEBUG=1",
					"$(inherited)",
				);
				GCC_WARN_64_TO_32_BIT_CONVERSION = YES;
				GCC_WARN_ABOUT_RETURN_TYPE = YES_ERROR;
				GCC_WARN_UNDECLARED_SELECTOR = YES;
				GCC_WARN_UNINITIALIZED_AUTOS = YES_AGGRESSIVE;
				GCC_WARN_UNUSED_FUNCTION = YES;
				GCC_WARN_UNUSED_VARIABLE = YES;
				IPHONEOS_DEPLOYMENT_TARGET = 11.2;
				MTL_ENABLE_DEBUG_INFO = YES;
				ONLY_ACTIVE_ARCH = YES;
				SDKROOT = iphoneos;
				SWIFT_ACTIVE_COMPILATION_CONDITIONS = DEBUG;
				SWIFT_OPTIMIZATION_LEVEL = "-Onone";
			};
			name = Debug;
		};
		243A4F82217CD1F200538280 /* Release */ = {
			isa = XCBuildConfiguration;
			buildSettings = {
				ALWAYS_SEARCH_USER_PATHS = NO;
				CLANG_ANALYZER_NONNULL = YES;
				CLANG_ANALYZER_NUMBER_OBJECT_CONVERSION = YES_AGGRESSIVE;
				CLANG_CXX_LANGUAGE_STANDARD = "gnu++14";
				CLANG_CXX_LIBRARY = "libc++";
				CLANG_ENABLE_MODULES = YES;
				CLANG_ENABLE_OBJC_ARC = YES;
				CLANG_WARN_BLOCK_CAPTURE_AUTORELEASING = YES;
				CLANG_WARN_BOOL_CONVERSION = YES;
				CLANG_WARN_COMMA = YES;
				CLANG_WARN_CONSTANT_CONVERSION = YES;
				CLANG_WARN_DIRECT_OBJC_ISA_USAGE = YES_ERROR;
				CLANG_WARN_DOCUMENTATION_COMMENTS = YES;
				CLANG_WARN_EMPTY_BODY = YES;
				CLANG_WARN_ENUM_CONVERSION = YES;
				CLANG_WARN_INFINITE_RECURSION = YES;
				CLANG_WARN_INT_CONVERSION = YES;
				CLANG_WARN_NON_LITERAL_NULL_CONVERSION = YES;
				CLANG_WARN_OBJC_LITERAL_CONVERSION = YES;
				CLANG_WARN_OBJC_ROOT_CLASS = YES_ERROR;
				CLANG_WARN_RANGE_LOOP_ANALYSIS = YES;
				CLANG_WARN_STRICT_PROTOTYPES = YES;
				CLANG_WARN_SUSPICIOUS_MOVE = YES;
				CLANG_WARN_UNGUARDED_AVAILABILITY = YES_AGGRESSIVE;
				CLANG_WARN_UNREACHABLE_CODE = YES;
				CLANG_WARN__DUPLICATE_METHOD_MATCH = YES;
				CODE_SIGN_IDENTITY = "iPhone Developer";
				COPY_PHASE_STRIP = NO;
				DEBUG_INFORMATION_FORMAT = "dwarf-with-dsym";
				ENABLE_NS_ASSERTIONS = NO;
				ENABLE_STRICT_OBJC_MSGSEND = YES;
				GCC_C_LANGUAGE_STANDARD = gnu11;
				GCC_NO_COMMON_BLOCKS = YES;
				GCC_WARN_64_TO_32_BIT_CONVERSION = YES;
				GCC_WARN_ABOUT_RETURN_TYPE = YES_ERROR;
				GCC_WARN_UNDECLARED_SELECTOR = YES;
				GCC_WARN_UNINITIALIZED_AUTOS = YES_AGGRESSIVE;
				GCC_WARN_UNUSED_FUNCTION = YES;
				GCC_WARN_UNUSED_VARIABLE = YES;
				IPHONEOS_DEPLOYMENT_TARGET = 11.2;
				MTL_ENABLE_DEBUG_INFO = NO;
				SDKROOT = iphoneos;
				SWIFT_OPTIMIZATION_LEVEL = "-Owholemodule";
				VALIDATE_PRODUCT = YES;
			};
			name = Release;
		};
		243A4F84217CD1F200538280 /* Debug */ = {
			isa = XCBuildConfiguration;
			buildSettings = {
				ASSETCATALOG_COMPILER_APPICON_NAME = AppIcon;
				CODE_SIGN_STYLE = Automatic;
				FRAMEWORK_SEARCH_PATHS = "$(PROJECT_DIR)/../../../Carthage/Build/iOS";
				INFOPLIST_FILE = Demo/Info.plist;
				LD_RUNPATH_SEARCH_PATHS = "$(inherited) @executable_path/Frameworks";
				PRODUCT_BUNDLE_IDENTIFIER = ph.com.softwaresaiyajin.ed.Demo;
				PRODUCT_NAME = "$(TARGET_NAME)";
				SWIFT_VERSION = 4.0;
				TARGETED_DEVICE_FAMILY = "1,2";
			};
			name = Debug;
		};
		243A4F85217CD1F200538280 /* Release */ = {
			isa = XCBuildConfiguration;
			buildSettings = {
				ASSETCATALOG_COMPILER_APPICON_NAME = AppIcon;
				CODE_SIGN_STYLE = Automatic;
				FRAMEWORK_SEARCH_PATHS = "$(PROJECT_DIR)/../../../Carthage/Build/iOS";
				INFOPLIST_FILE = Demo/Info.plist;
				LD_RUNPATH_SEARCH_PATHS = "$(inherited) @executable_path/Frameworks";
				PRODUCT_BUNDLE_IDENTIFIER = ph.com.softwaresaiyajin.ed.Demo;
				PRODUCT_NAME = "$(TARGET_NAME)";
				SWIFT_VERSION = 4.0;
				TARGETED_DEVICE_FAMILY = "1,2";
			};
			name = Release;
		};
		243A4F87217CD1F200538280 /* Debug */ = {
			isa = XCBuildConfiguration;
			buildSettings = {
				ALWAYS_EMBED_SWIFT_STANDARD_LIBRARIES = YES;
				BUNDLE_LOADER = "$(TEST_HOST)";
				CODE_SIGN_STYLE = Automatic;
				INFOPLIST_FILE = DemoTests/Info.plist;
				LD_RUNPATH_SEARCH_PATHS = "$(inherited) @executable_path/Frameworks @loader_path/Frameworks";
				PRODUCT_BUNDLE_IDENTIFIER = ph.com.softwaresaiyajin.ed.DemoTests;
				PRODUCT_NAME = "$(TARGET_NAME)";
				SWIFT_VERSION = 4.0;
				TARGETED_DEVICE_FAMILY = "1,2";
				TEST_HOST = "$(BUILT_PRODUCTS_DIR)/Demo.app/Demo";
			};
			name = Debug;
		};
		243A4F88217CD1F200538280 /* Release */ = {
			isa = XCBuildConfiguration;
			buildSettings = {
				ALWAYS_EMBED_SWIFT_STANDARD_LIBRARIES = YES;
				BUNDLE_LOADER = "$(TEST_HOST)";
				CODE_SIGN_STYLE = Automatic;
				INFOPLIST_FILE = DemoTests/Info.plist;
				LD_RUNPATH_SEARCH_PATHS = "$(inherited) @executable_path/Frameworks @loader_path/Frameworks";
				PRODUCT_BUNDLE_IDENTIFIER = ph.com.softwaresaiyajin.ed.DemoTests;
				PRODUCT_NAME = "$(TARGET_NAME)";
				SWIFT_VERSION = 4.0;
				TARGETED_DEVICE_FAMILY = "1,2";
				TEST_HOST = "$(BUILT_PRODUCTS_DIR)/Demo.app/Demo";
			};
			name = Release;
		};
		243A4F8A217CD1F200538280 /* Debug */ = {
			isa = XCBuildConfiguration;
			buildSettings = {
				ALWAYS_EMBED_SWIFT_STANDARD_LIBRARIES = YES;
				CODE_SIGN_STYLE = Automatic;
				INFOPLIST_FILE = DemoUITests/Info.plist;
				LD_RUNPATH_SEARCH_PATHS = "$(inherited) @executable_path/Frameworks @loader_path/Frameworks";
				PRODUCT_BUNDLE_IDENTIFIER = ph.com.softwaresaiyajin.ed.DemoUITests;
				PRODUCT_NAME = "$(TARGET_NAME)";
				SWIFT_VERSION = 4.0;
				TARGETED_DEVICE_FAMILY = "1,2";
				TEST_TARGET_NAME = Demo;
			};
			name = Debug;
		};
		243A4F8B217CD1F200538280 /* Release */ = {
			isa = XCBuildConfiguration;
			buildSettings = {
				ALWAYS_EMBED_SWIFT_STANDARD_LIBRARIES = YES;
				CODE_SIGN_STYLE = Automatic;
				INFOPLIST_FILE = DemoUITests/Info.plist;
				LD_RUNPATH_SEARCH_PATHS = "$(inherited) @executable_path/Frameworks @loader_path/Frameworks";
				PRODUCT_BUNDLE_IDENTIFIER = ph.com.softwaresaiyajin.ed.DemoUITests;
				PRODUCT_NAME = "$(TARGET_NAME)";
				SWIFT_VERSION = 4.0;
				TARGETED_DEVICE_FAMILY = "1,2";
				TEST_TARGET_NAME = Demo;
			};
			name = Release;
		};
/* End XCBuildConfiguration section */

/* Begin XCConfigurationList section */
		243A4F56217CD1F200538280 /* Build configuration list for PBXProject "Demo" */ = {
			isa = XCConfigurationList;
			buildConfigurations = (
				243A4F81217CD1F200538280 /* Debug */,
				243A4F82217CD1F200538280 /* Release */,
			);
			defaultConfigurationIsVisible = 0;
			defaultConfigurationName = Release;
		};
		243A4F83217CD1F200538280 /* Build configuration list for PBXNativeTarget "Demo" */ = {
			isa = XCConfigurationList;
			buildConfigurations = (
				243A4F84217CD1F200538280 /* Debug */,
				243A4F85217CD1F200538280 /* Release */,
			);
			defaultConfigurationIsVisible = 0;
			defaultConfigurationName = Release;
		};
		243A4F86217CD1F200538280 /* Build configuration list for PBXNativeTarget "DemoTests" */ = {
			isa = XCConfigurationList;
			buildConfigurations = (
				243A4F87217CD1F200538280 /* Debug */,
				243A4F88217CD1F200538280 /* Release */,
			);
			defaultConfigurationIsVisible = 0;
			defaultConfigurationName = Release;
		};
		243A4F89217CD1F200538280 /* Build configuration list for PBXNativeTarget "DemoUITests" */ = {
			isa = XCConfigurationList;
			buildConfigurations = (
				243A4F8A217CD1F200538280 /* Debug */,
				243A4F8B217CD1F200538280 /* Release */,
			);
			defaultConfigurationIsVisible = 0;
			defaultConfigurationName = Release;
		};
/* End XCConfigurationList section */
	};
	rootObject = 243A4F53217CD1F200538280 /* Project object */;
}
