// !$*UTF8*$!
{
	archiveVersion = 1;
	classes = {
	};
	objectVersion = 48;
	objects = {

/* Begin PBXBuildFile section */
		249F7901217CA319004CDBDD /* EntityListModule.framework in Frameworks */ = {isa = PBXBuildFile; fileRef = 249F78F7217CA319004CDBDD /* EntityListModule.framework */; };
		249F7906217CA319004CDBDD /* EntityListModuleTests.swift in Sources */ = {isa = PBXBuildFile; fileRef = 249F7905217CA319004CDBDD /* EntityListModuleTests.swift */; };
		249F7908217CA319004CDBDD /* EntityListModule.h in Headers */ = {isa = PBXBuildFile; fileRef = 249F78FA217CA319004CDBDD /* EntityListModule.h */; settings = {ATTRIBUTES = (Public, ); }; };
		249F7915217CA358004CDBDD /* IEntity.swift in Sources */ = {isa = PBXBuildFile; fileRef = 249F7914217CA358004CDBDD /* IEntity.swift */; };
		249F7917217CA38C004CDBDD /* IRepository.swift in Sources */ = {isa = PBXBuildFile; fileRef = 249F7916217CA38C004CDBDD /* IRepository.swift */; };
		249F7919217CA473004CDBDD /* EntityListViewController.swift in Sources */ = {isa = PBXBuildFile; fileRef = 249F7918217CA473004CDBDD /* EntityListViewController.swift */; };
		249F7956217CA5A8004CDBDD /* RxCocoa.framework in Frameworks */ = {isa = PBXBuildFile; fileRef = 249F7954217CA5A7004CDBDD /* RxCocoa.framework */; };
		249F7957217CA5A8004CDBDD /* RxSwift.framework in Frameworks */ = {isa = PBXBuildFile; fileRef = 249F7955217CA5A8004CDBDD /* RxSwift.framework */; };
		249F7968217CA667004CDBDD /* Route.swift in Sources */ = {isa = PBXBuildFile; fileRef = 249F7967217CA667004CDBDD /* Route.swift */; };
		249F796A217CA719004CDBDD /* EntityListViewModel.swift in Sources */ = {isa = PBXBuildFile; fileRef = 249F7969217CA719004CDBDD /* EntityListViewModel.swift */; };
/* End PBXBuildFile section */

/* Begin PBXContainerItemProxy section */
		249F7902217CA319004CDBDD /* PBXContainerItemProxy */ = {
			isa = PBXContainerItemProxy;
			containerPortal = 249F78EE217CA319004CDBDD /* Project object */;
			proxyType = 1;
			remoteGlobalIDString = 249F78F6217CA319004CDBDD;
			remoteInfo = EntityListModule;
		};
/* End PBXContainerItemProxy section */

/* Begin PBXFileReference section */
		249F78F7217CA319004CDBDD /* EntityListModule.framework */ = {isa = PBXFileReference; explicitFileType = wrapper.framework; includeInIndex = 0; path = EntityListModule.framework; sourceTree = BUILT_PRODUCTS_DIR; };
		249F78FA217CA319004CDBDD /* EntityListModule.h */ = {isa = PBXFileReference; lastKnownFileType = sourcecode.c.h; path = EntityListModule.h; sourceTree = "<group>"; };
		249F78FB217CA319004CDBDD /* Info.plist */ = {isa = PBXFileReference; lastKnownFileType = text.plist.xml; path = Info.plist; sourceTree = "<group>"; };
		249F7900217CA319004CDBDD /* EntityListModuleTests.xctest */ = {isa = PBXFileReference; explicitFileType = wrapper.cfbundle; includeInIndex = 0; path = EntityListModuleTests.xctest; sourceTree = BUILT_PRODUCTS_DIR; };
		249F7905217CA319004CDBDD /* EntityListModuleTests.swift */ = {isa = PBXFileReference; lastKnownFileType = sourcecode.swift; path = EntityListModuleTests.swift; sourceTree = "<group>"; };
		249F7907217CA319004CDBDD /* Info.plist */ = {isa = PBXFileReference; lastKnownFileType = text.plist.xml; path = Info.plist; sourceTree = "<group>"; };
		249F7914217CA358004CDBDD /* IEntity.swift */ = {isa = PBXFileReference; lastKnownFileType = sourcecode.swift; path = IEntity.swift; sourceTree = "<group>"; };
		249F7916217CA38C004CDBDD /* IRepository.swift */ = {isa = PBXFileReference; lastKnownFileType = sourcecode.swift; path = IRepository.swift; sourceTree = "<group>"; };
		249F7918217CA473004CDBDD /* EntityListViewController.swift */ = {isa = PBXFileReference; lastKnownFileType = sourcecode.swift; path = EntityListViewController.swift; sourceTree = "<group>"; };
		249F7954217CA5A7004CDBDD /* RxCocoa.framework */ = {isa = PBXFileReference; lastKnownFileType = wrapper.framework; name = RxCocoa.framework; path = ../../Carthage/Build/iOS/RxCocoa.framework; sourceTree = "<group>"; };
		249F7955217CA5A8004CDBDD /* RxSwift.framework */ = {isa = PBXFileReference; lastKnownFileType = wrapper.framework; name = RxSwift.framework; path = ../../Carthage/Build/iOS/RxSwift.framework; sourceTree = "<group>"; };
		249F7967217CA667004CDBDD /* Route.swift */ = {isa = PBXFileReference; lastKnownFileType = sourcecode.swift; path = Route.swift; sourceTree = "<group>"; };
		249F7969217CA719004CDBDD /* EntityListViewModel.swift */ = {isa = PBXFileReference; lastKnownFileType = sourcecode.swift; path = EntityListViewModel.swift; sourceTree = "<group>"; };
/* End PBXFileReference section */

/* Begin PBXFrameworksBuildPhase section */
		249F78F3217CA319004CDBDD /* Frameworks */ = {
			isa = PBXFrameworksBuildPhase;
			buildActionMask = 2147483647;
			files = (
				249F7957217CA5A8004CDBDD /* RxSwift.framework in Frameworks */,
				249F7956217CA5A8004CDBDD /* RxCocoa.framework in Frameworks */,
			);
			runOnlyForDeploymentPostprocessing = 0;
		};
		249F78FD217CA319004CDBDD /* Frameworks */ = {
			isa = PBXFrameworksBuildPhase;
			buildActionMask = 2147483647;
			files = (
				249F7901217CA319004CDBDD /* EntityListModule.framework in Frameworks */,
			);
			runOnlyForDeploymentPostprocessing = 0;
		};
/* End PBXFrameworksBuildPhase section */

/* Begin PBXGroup section */
		249F78ED217CA319004CDBDD = {
			isa = PBXGroup;
			children = (
				249F7954217CA5A7004CDBDD /* RxCocoa.framework */,
				249F7955217CA5A8004CDBDD /* RxSwift.framework */,
				249F78F9217CA319004CDBDD /* EntityListModule */,
				249F7904217CA319004CDBDD /* EntityListModuleTests */,
				249F78F8217CA319004CDBDD /* Products */,
			);
			sourceTree = "<group>";
		};
		249F78F8217CA319004CDBDD /* Products */ = {
			isa = PBXGroup;
			children = (
				249F78F7217CA319004CDBDD /* EntityListModule.framework */,
				249F7900217CA319004CDBDD /* EntityListModuleTests.xctest */,
			);
			name = Products;
			sourceTree = "<group>";
		};
		249F78F9217CA319004CDBDD /* EntityListModule */ = {
			isa = PBXGroup;
			children = (
				249F7913217CA332004CDBDD /* ViewModel */,
				249F7912217CA32E004CDBDD /* View */,
				249F7911217CA329004CDBDD /* Model */,
				249F78FA217CA319004CDBDD /* EntityListModule.h */,
				249F78FB217CA319004CDBDD /* Info.plist */,
			);
			path = EntityListModule;
			sourceTree = "<group>";
		};
		249F7904217CA319004CDBDD /* EntityListModuleTests */ = {
			isa = PBXGroup;
			children = (
				249F7905217CA319004CDBDD /* EntityListModuleTests.swift */,
				249F7907217CA319004CDBDD /* Info.plist */,
			);
			path = EntityListModuleTests;
			sourceTree = "<group>";
		};
		249F7911217CA329004CDBDD /* Model */ = {
			isa = PBXGroup;
			children = (
				249F7914217CA358004CDBDD /* IEntity.swift */,
				249F7916217CA38C004CDBDD /* IRepository.swift */,
				249F7967217CA667004CDBDD /* Route.swift */,
			);
			path = Model;
			sourceTree = "<group>";
		};
		249F7912217CA32E004CDBDD /* View */ = {
			isa = PBXGroup;
			children = (
				249F7918217CA473004CDBDD /* EntityListViewController.swift */,
			);
			path = View;
			sourceTree = "<group>";
		};
		249F7913217CA332004CDBDD /* ViewModel */ = {
			isa = PBXGroup;
			children = (
				249F7969217CA719004CDBDD /* EntityListViewModel.swift */,
			);
			path = ViewModel;
			sourceTree = "<group>";
		};
/* End PBXGroup section */

/* Begin PBXHeadersBuildPhase section */
		249F78F4217CA319004CDBDD /* Headers */ = {
			isa = PBXHeadersBuildPhase;
			buildActionMask = 2147483647;
			files = (
				249F7908217CA319004CDBDD /* EntityListModule.h in Headers */,
			);
			runOnlyForDeploymentPostprocessing = 0;
		};
/* End PBXHeadersBuildPhase section */

/* Begin PBXNativeTarget section */
		249F78F6217CA319004CDBDD /* EntityListModule */ = {
			isa = PBXNativeTarget;
			buildConfigurationList = 249F790B217CA319004CDBDD /* Build configuration list for PBXNativeTarget "EntityListModule" */;
			buildPhases = (
				249F78F2217CA319004CDBDD /* Sources */,
				249F78F3217CA319004CDBDD /* Frameworks */,
				249F78F4217CA319004CDBDD /* Headers */,
				249F78F5217CA319004CDBDD /* Resources */,
			);
			buildRules = (
			);
			dependencies = (
			);
			name = EntityListModule;
			productName = EntityListModule;
			productReference = 249F78F7217CA319004CDBDD /* EntityListModule.framework */;
			productType = "com.apple.product-type.framework";
		};
		249F78FF217CA319004CDBDD /* EntityListModuleTests */ = {
			isa = PBXNativeTarget;
			buildConfigurationList = 249F790E217CA319004CDBDD /* Build configuration list for PBXNativeTarget "EntityListModuleTests" */;
			buildPhases = (
				249F78FC217CA319004CDBDD /* Sources */,
				249F78FD217CA319004CDBDD /* Frameworks */,
				249F78FE217CA319004CDBDD /* Resources */,
			);
			buildRules = (
			);
			dependencies = (
				249F7903217CA319004CDBDD /* PBXTargetDependency */,
			);
			name = EntityListModuleTests;
			productName = EntityListModuleTests;
			productReference = 249F7900217CA319004CDBDD /* EntityListModuleTests.xctest */;
			productType = "com.apple.product-type.bundle.unit-test";
		};
/* End PBXNativeTarget section */

/* Begin PBXProject section */
		249F78EE217CA319004CDBDD /* Project object */ = {
			isa = PBXProject;
			attributes = {
				LastSwiftUpdateCheck = 0920;
				LastUpgradeCheck = 0920;
				ORGANIZATIONNAME = "Gerald Adorza";
				TargetAttributes = {
					249F78F6217CA319004CDBDD = {
						CreatedOnToolsVersion = 9.2;
						LastSwiftMigration = 0920;
						ProvisioningStyle = Automatic;
					};
					249F78FF217CA319004CDBDD = {
						CreatedOnToolsVersion = 9.2;
						ProvisioningStyle = Automatic;
					};
				};
			};
			buildConfigurationList = 249F78F1217CA319004CDBDD /* Build configuration list for PBXProject "EntityListModule" */;
			compatibilityVersion = "Xcode 8.0";
			developmentRegion = en;
			hasScannedForEncodings = 0;
			knownRegions = (
				en,
			);
			mainGroup = 249F78ED217CA319004CDBDD;
			productRefGroup = 249F78F8217CA319004CDBDD /* Products */;
			projectDirPath = "";
			projectRoot = "";
			targets = (
				249F78F6217CA319004CDBDD /* EntityListModule */,
				249F78FF217CA319004CDBDD /* EntityListModuleTests */,
			);
		};
/* End PBXProject section */

/* Begin PBXResourcesBuildPhase section */
		249F78F5217CA319004CDBDD /* Resources */ = {
			isa = PBXResourcesBuildPhase;
			buildActionMask = 2147483647;
			files = (
			);
			runOnlyForDeploymentPostprocessing = 0;
		};
		249F78FE217CA319004CDBDD /* Resources */ = {
			isa = PBXResourcesBuildPhase;
			buildActionMask = 2147483647;
			files = (
			);
			runOnlyForDeploymentPostprocessing = 0;
		};
/* End PBXResourcesBuildPhase section */

/* Begin PBXSourcesBuildPhase section */
		249F78F2217CA319004CDBDD /* Sources */ = {
			isa = PBXSourcesBuildPhase;
			buildActionMask = 2147483647;
			files = (
				249F7915217CA358004CDBDD /* IEntity.swift in Sources */,
				249F7968217CA667004CDBDD /* Route.swift in Sources */,
				249F7917217CA38C004CDBDD /* IRepository.swift in Sources */,
				249F7919217CA473004CDBDD /* EntityListViewController.swift in Sources */,
				249F796A217CA719004CDBDD /* EntityListViewModel.swift in Sources */,
			);
			runOnlyForDeploymentPostprocessing = 0;
		};
		249F78FC217CA319004CDBDD /* Sources */ = {
			isa = PBXSourcesBuildPhase;
			buildActionMask = 2147483647;
			files = (
				249F7906217CA319004CDBDD /* EntityListModuleTests.swift in Sources */,
			);
			runOnlyForDeploymentPostprocessing = 0;
		};
/* End PBXSourcesBuildPhase section */

/* Begin PBXTargetDependency section */
		249F7903217CA319004CDBDD /* PBXTargetDependency */ = {
			isa = PBXTargetDependency;
			target = 249F78F6217CA319004CDBDD /* EntityListModule */;
			targetProxy = 249F7902217CA319004CDBDD /* PBXContainerItemProxy */;
		};
/* End PBXTargetDependency section */

/* Begin XCBuildConfiguration section */
		249F7909217CA319004CDBDD /* Debug */ = {
			isa = XCBuildConfiguration;
			buildSettings = {
				ALWAYS_SEARCH_USER_PATHS = NO;
				CLANG_ANALYZER_NONNULL = YES;
				CLANG_ANALYZER_NUMBER_OBJECT_CONVERSION = YES_AGGRESSIVE;
				CLANG_CXX_LANGUAGE_STANDARD = "gnu++14";
				CLANG_CXX_LIBRARY = "libc++";
				CLANG_ENABLE_MODULES = YES;
				CLANG_ENABLE_OBJC_ARC = YES;
				CLANG_WARN_BLOCK_CAPTURE_AUTORELEASING = YES;
				CLANG_WARN_BOOL_CONVERSION = YES;
				CLANG_WARN_COMMA = YES;
				CLANG_WARN_CONSTANT_CONVERSION = YES;
				CLANG_WARN_DIRECT_OBJC_ISA_USAGE = YES_ERROR;
				CLANG_WARN_DOCUMENTATION_COMMENTS = YES;
				CLANG_WARN_EMPTY_BODY = YES;
				CLANG_WARN_ENUM_CONVERSION = YES;
				CLANG_WARN_INFINITE_RECURSION = YES;
				CLANG_WARN_INT_CONVERSION = YES;
				CLANG_WARN_NON_LITERAL_NULL_CONVERSION = YES;
				CLANG_WARN_OBJC_LITERAL_CONVERSION = YES;
				CLANG_WARN_OBJC_ROOT_CLASS = YES_ERROR;
				CLANG_WARN_RANGE_LOOP_ANALYSIS = YES;
				CLANG_WARN_STRICT_PROTOTYPES = YES;
				CLANG_WARN_SUSPICIOUS_MOVE = YES;
				CLANG_WARN_UNGUARDED_AVAILABILITY = YES_AGGRESSIVE;
				CLANG_WARN_UNREACHABLE_CODE = YES;
				CLANG_WARN__DUPLICATE_METHOD_MATCH = YES;
				CODE_SIGN_IDENTITY = "iPhone Developer";
				COPY_PHASE_STRIP = NO;
				CURRENT_PROJECT_VERSION = 1;
				DEBUG_INFORMATION_FORMAT = dwarf;
				ENABLE_STRICT_OBJC_MSGSEND = YES;
				ENABLE_TESTABILITY = YES;
				GCC_C_LANGUAGE_STANDARD = gnu11;
				GCC_DYNAMIC_NO_PIC = NO;
				GCC_NO_COMMON_BLOCKS = YES;
				GCC_OPTIMIZATION_LEVEL = 0;
				GCC_PREPROCESSOR_DEFINITIONS = (
					"DEBUG=1",
					"$(inherited)",
				);
				GCC_WARN_64_TO_32_BIT_CONVERSION = YES;
				GCC_WARN_ABOUT_RETURN_TYPE = YES_ERROR;
				GCC_WARN_UNDECLARED_SELECTOR = YES;
				GCC_WARN_UNINITIALIZED_AUTOS = YES_AGGRESSIVE;
				GCC_WARN_UNUSED_FUNCTION = YES;
				GCC_WARN_UNUSED_VARIABLE = YES;
				IPHONEOS_DEPLOYMENT_TARGET = 11.2;
				MTL_ENABLE_DEBUG_INFO = YES;
				ONLY_ACTIVE_ARCH = YES;
				SDKROOT = iphoneos;
				SWIFT_ACTIVE_COMPILATION_CONDITIONS = DEBUG;
				SWIFT_OPTIMIZATION_LEVEL = "-Onone";
				VERSIONING_SYSTEM = "apple-generic";
				VERSION_INFO_PREFIX = "";
			};
			name = Debug;
		};
		249F790A217CA319004CDBDD /* Release */ = {
			isa = XCBuildConfiguration;
			buildSettings = {
				ALWAYS_SEARCH_USER_PATHS = NO;
				CLANG_ANALYZER_NONNULL = YES;
				CLANG_ANALYZER_NUMBER_OBJECT_CONVERSION = YES_AGGRESSIVE;
				CLANG_CXX_LANGUAGE_STANDARD = "gnu++14";
				CLANG_CXX_LIBRARY = "libc++";
				CLANG_ENABLE_MODULES = YES;
				CLANG_ENABLE_OBJC_ARC = YES;
				CLANG_WARN_BLOCK_CAPTURE_AUTORELEASING = YES;
				CLANG_WARN_BOOL_CONVERSION = YES;
				CLANG_WARN_COMMA = YES;
				CLANG_WARN_CONSTANT_CONVERSION = YES;
				CLANG_WARN_DIRECT_OBJC_ISA_USAGE = YES_ERROR;
				CLANG_WARN_DOCUMENTATION_COMMENTS = YES;
				CLANG_WARN_EMPTY_BODY = YES;
				CLANG_WARN_ENUM_CONVERSION = YES;
				CLANG_WARN_INFINITE_RECURSION = YES;
				CLANG_WARN_INT_CONVERSION = YES;
				CLANG_WARN_NON_LITERAL_NULL_CONVERSION = YES;
				CLANG_WARN_OBJC_LITERAL_CONVERSION = YES;
				CLANG_WARN_OBJC_ROOT_CLASS = YES_ERROR;
				CLANG_WARN_RANGE_LOOP_ANALYSIS = YES;
				CLANG_WARN_STRICT_PROTOTYPES = YES;
				CLANG_WARN_SUSPICIOUS_MOVE = YES;
				CLANG_WARN_UNGUARDED_AVAILABILITY = YES_AGGRESSIVE;
				CLANG_WARN_UNREACHABLE_CODE = YES;
				CLANG_WARN__DUPLICATE_METHOD_MATCH = YES;
				CODE_SIGN_IDENTITY = "iPhone Developer";
				COPY_PHASE_STRIP = NO;
				CURRENT_PROJECT_VERSION = 1;
				DEBUG_INFORMATION_FORMAT = "dwarf-with-dsym";
				ENABLE_NS_ASSERTIONS = NO;
				ENABLE_STRICT_OBJC_MSGSEND = YES;
				GCC_C_LANGUAGE_STANDARD = gnu11;
				GCC_NO_COMMON_BLOCKS = YES;
				GCC_WARN_64_TO_32_BIT_CONVERSION = YES;
				GCC_WARN_ABOUT_RETURN_TYPE = YES_ERROR;
				GCC_WARN_UNDECLARED_SELECTOR = YES;
				GCC_WARN_UNINITIALIZED_AUTOS = YES_AGGRESSIVE;
				GCC_WARN_UNUSED_FUNCTION = YES;
				GCC_WARN_UNUSED_VARIABLE = YES;
				IPHONEOS_DEPLOYMENT_TARGET = 11.2;
				MTL_ENABLE_DEBUG_INFO = NO;
				SDKROOT = iphoneos;
				SWIFT_OPTIMIZATION_LEVEL = "-Owholemodule";
				VALIDATE_PRODUCT = YES;
				VERSIONING_SYSTEM = "apple-generic";
				VERSION_INFO_PREFIX = "";
			};
			name = Release;
		};
		249F790C217CA319004CDBDD /* Debug */ = {
			isa = XCBuildConfiguration;
			buildSettings = {
				CLANG_ENABLE_MODULES = YES;
				CODE_SIGN_IDENTITY = "";
				CODE_SIGN_STYLE = Automatic;
				DEFINES_MODULE = YES;
				DYLIB_COMPATIBILITY_VERSION = 1;
				DYLIB_CURRENT_VERSION = 1;
				DYLIB_INSTALL_NAME_BASE = "@rpath";
				FRAMEWORK_SEARCH_PATHS = "$(PROJECT_DIR)/../../Carthage/Build/iOS";
				INFOPLIST_FILE = EntityListModule/Info.plist;
				INSTALL_PATH = "$(LOCAL_LIBRARY_DIR)/Frameworks";
				LD_RUNPATH_SEARCH_PATHS = "$(inherited) @executable_path/Frameworks @loader_path/Frameworks";
				PRODUCT_BUNDLE_IDENTIFIER = ph.com.softwaresaiyajin.el.EntityListModule;
				PRODUCT_NAME = "$(TARGET_NAME:c99extidentifier)";
				SKIP_INSTALL = YES;
				SWIFT_OPTIMIZATION_LEVEL = "-Onone";
				SWIFT_VERSION = 4.0;
				TARGETED_DEVICE_FAMILY = "1,2";
			};
			name = Debug;
		};
		249F790D217CA319004CDBDD /* Release */ = {
			isa = XCBuildConfiguration;
			buildSettings = {
				CLANG_ENABLE_MODULES = YES;
				CODE_SIGN_IDENTITY = "";
				CODE_SIGN_STYLE = Automatic;
				DEFINES_MODULE = YES;
				DYLIB_COMPATIBILITY_VERSION = 1;
				DYLIB_CURRENT_VERSION = 1;
				DYLIB_INSTALL_NAME_BASE = "@rpath";
				FRAMEWORK_SEARCH_PATHS = "$(PROJECT_DIR)/../../Carthage/Build/iOS";
				INFOPLIST_FILE = EntityListModule/Info.plist;
				INSTALL_PATH = "$(LOCAL_LIBRARY_DIR)/Frameworks";
				LD_RUNPATH_SEARCH_PATHS = "$(inherited) @executable_path/Frameworks @loader_path/Frameworks";
				PRODUCT_BUNDLE_IDENTIFIER = ph.com.softwaresaiyajin.el.EntityListModule;
				PRODUCT_NAME = "$(TARGET_NAME:c99extidentifier)";
				SKIP_INSTALL = YES;
				SWIFT_VERSION = 4.0;
				TARGETED_DEVICE_FAMILY = "1,2";
			};
			name = Release;
		};
		249F790F217CA319004CDBDD /* Debug */ = {
			isa = XCBuildConfiguration;
			buildSettings = {
				ALWAYS_EMBED_SWIFT_STANDARD_LIBRARIES = YES;
				CODE_SIGN_STYLE = Automatic;
				INFOPLIST_FILE = EntityListModuleTests/Info.plist;
				LD_RUNPATH_SEARCH_PATHS = "$(inherited) @executable_path/Frameworks @loader_path/Frameworks";
				PRODUCT_BUNDLE_IDENTIFIER = ph.com.softwaresaiyajin.el.EntityListModuleTests;
				PRODUCT_NAME = "$(TARGET_NAME)";
				SWIFT_VERSION = 4.0;
				TARGETED_DEVICE_FAMILY = "1,2";
			};
			name = Debug;
		};
		249F7910217CA319004CDBDD /* Release */ = {
			isa = XCBuildConfiguration;
			buildSettings = {
				ALWAYS_EMBED_SWIFT_STANDARD_LIBRARIES = YES;
				CODE_SIGN_STYLE = Automatic;
				INFOPLIST_FILE = EntityListModuleTests/Info.plist;
				LD_RUNPATH_SEARCH_PATHS = "$(inherited) @executable_path/Frameworks @loader_path/Frameworks";
				PRODUCT_BUNDLE_IDENTIFIER = ph.com.softwaresaiyajin.el.EntityListModuleTests;
				PRODUCT_NAME = "$(TARGET_NAME)";
				SWIFT_VERSION = 4.0;
				TARGETED_DEVICE_FAMILY = "1,2";
			};
			name = Release;
		};
/* End XCBuildConfiguration section */

/* Begin XCConfigurationList section */
		249F78F1217CA319004CDBDD /* Build configuration list for PBXProject "EntityListModule" */ = {
			isa = XCConfigurationList;
			buildConfigurations = (
				249F7909217CA319004CDBDD /* Debug */,
				249F790A217CA319004CDBDD /* Release */,
			);
			defaultConfigurationIsVisible = 0;
			defaultConfigurationName = Release;
		};
		249F790B217CA319004CDBDD /* Build configuration list for PBXNativeTarget "EntityListModule" */ = {
			isa = XCConfigurationList;
			buildConfigurations = (
				249F790C217CA319004CDBDD /* Debug */,
				249F790D217CA319004CDBDD /* Release */,
			);
			defaultConfigurationIsVisible = 0;
			defaultConfigurationName = Release;
		};
		249F790E217CA319004CDBDD /* Build configuration list for PBXNativeTarget "EntityListModuleTests" */ = {
			isa = XCConfigurationList;
			buildConfigurations = (
				249F790F217CA319004CDBDD /* Debug */,
				249F7910217CA319004CDBDD /* Release */,
			);
			defaultConfigurationIsVisible = 0;
			defaultConfigurationName = Release;
		};
/* End XCConfigurationList section */
	};
	rootObject = 249F78EE217CA319004CDBDD /* Project object */;
}
