// !$*UTF8*$!
{
	archiveVersion = 1;
	classes = {
	};
	objectVersion = 48;
	objects = {

/* Begin PBXBuildFile section */
		249F7927217CA56E004CDBDD /* AppDelegate.swift in Sources */ = {isa = PBXBuildFile; fileRef = 249F7926217CA56E004CDBDD /* AppDelegate.swift */; };
		249F7929217CA56E004CDBDD /* ViewController.swift in Sources */ = {isa = PBXBuildFile; fileRef = 249F7928217CA56E004CDBDD /* ViewController.swift */; };
		249F792C217CA56E004CDBDD /* Main.storyboard in Resources */ = {isa = PBXBuildFile; fileRef = 249F792A217CA56E004CDBDD /* Main.storyboard */; };
		249F792E217CA56E004CDBDD /* Assets.xcassets in Resources */ = {isa = PBXBuildFile; fileRef = 249F792D217CA56E004CDBDD /* Assets.xcassets */; };
		249F7931217CA56E004CDBDD /* LaunchScreen.storyboard in Resources */ = {isa = PBXBuildFile; fileRef = 249F792F217CA56E004CDBDD /* LaunchScreen.storyboard */; };
		249F793C217CA56F004CDBDD /* DemoTests.swift in Sources */ = {isa = PBXBuildFile; fileRef = 249F793B217CA56F004CDBDD /* DemoTests.swift */; };
		249F7947217CA56F004CDBDD /* DemoUITests.swift in Sources */ = {isa = PBXBuildFile; fileRef = 249F7946217CA56F004CDBDD /* DemoUITests.swift */; };
		249F7960217CA605004CDBDD /* RxCocoa.framework in Frameworks */ = {isa = PBXBuildFile; fileRef = 249F795C217CA5FA004CDBDD /* RxCocoa.framework */; };
		249F7961217CA605004CDBDD /* RxCocoa.framework in Embed Frameworks */ = {isa = PBXBuildFile; fileRef = 249F795C217CA5FA004CDBDD /* RxCocoa.framework */; settings = {ATTRIBUTES = (CodeSignOnCopy, RemoveHeadersOnCopy, ); }; };
		249F7962217CA605004CDBDD /* RxSwift.framework in Frameworks */ = {isa = PBXBuildFile; fileRef = 249F795D217CA5FA004CDBDD /* RxSwift.framework */; };
		249F7963217CA605004CDBDD /* RxSwift.framework in Embed Frameworks */ = {isa = PBXBuildFile; fileRef = 249F795D217CA5FA004CDBDD /* RxSwift.framework */; settings = {ATTRIBUTES = (CodeSignOnCopy, RemoveHeadersOnCopy, ); }; };
		249F7964217CA605004CDBDD /* EntityListModule.framework in Frameworks */ = {isa = PBXBuildFile; fileRef = 249F7958217CA5E9004CDBDD /* EntityListModule.framework */; };
		249F7965217CA605004CDBDD /* EntityListModule.framework in Embed Frameworks */ = {isa = PBXBuildFile; fileRef = 249F7958217CA5E9004CDBDD /* EntityListModule.framework */; settings = {ATTRIBUTES = (CodeSignOnCopy, RemoveHeadersOnCopy, ); }; };
		249F796C217CADBA004CDBDD /* Mocks.swift in Sources */ = {isa = PBXBuildFile; fileRef = 249F796B217CADBA004CDBDD /* Mocks.swift */; };
/* End PBXBuildFile section */

/* Begin PBXContainerItemProxy section */
		249F7938217CA56E004CDBDD /* PBXContainerItemProxy */ = {
			isa = PBXContainerItemProxy;
			containerPortal = 249F791B217CA56E004CDBDD /* Project object */;
			proxyType = 1;
			remoteGlobalIDString = 249F7922217CA56E004CDBDD;
			remoteInfo = Demo;
		};
		249F7943217CA56F004CDBDD /* PBXContainerItemProxy */ = {
			isa = PBXContainerItemProxy;
			containerPortal = 249F791B217CA56E004CDBDD /* Project object */;
			proxyType = 1;
			remoteGlobalIDString = 249F7922217CA56E004CDBDD;
			remoteInfo = Demo;
		};
/* End PBXContainerItemProxy section */

/* Begin PBXCopyFilesBuildPhase section */
		249F7966217CA605004CDBDD /* Embed Frameworks */ = {
			isa = PBXCopyFilesBuildPhase;
			buildActionMask = 2147483647;
			dstPath = "";
			dstSubfolderSpec = 10;
			files = (
				249F7963217CA605004CDBDD /* RxSwift.framework in Embed Frameworks */,
				249F7961217CA605004CDBDD /* RxCocoa.framework in Embed Frameworks */,
				249F7965217CA605004CDBDD /* EntityListModule.framework in Embed Frameworks */,
			);
			name = "Embed Frameworks";
			runOnlyForDeploymentPostprocessing = 0;
		};
/* End PBXCopyFilesBuildPhase section */

/* Begin PBXFileReference section */
		249F7923217CA56E004CDBDD /* Demo.app */ = {isa = PBXFileReference; explicitFileType = wrapper.application; includeInIndex = 0; path = Demo.app; sourceTree = BUILT_PRODUCTS_DIR; };
		249F7926217CA56E004CDBDD /* AppDelegate.swift */ = {isa = PBXFileReference; lastKnownFileType = sourcecode.swift; path = AppDelegate.swift; sourceTree = "<group>"; };
		249F7928217CA56E004CDBDD /* ViewController.swift */ = {isa = PBXFileReference; lastKnownFileType = sourcecode.swift; path = ViewController.swift; sourceTree = "<group>"; };
		249F792B217CA56E004CDBDD /* Base */ = {isa = PBXFileReference; lastKnownFileType = file.storyboard; name = Base; path = Base.lproj/Main.storyboard; sourceTree = "<group>"; };
		249F792D217CA56E004CDBDD /* Assets.xcassets */ = {isa = PBXFileReference; lastKnownFileType = folder.assetcatalog; path = Assets.xcassets; sourceTree = "<group>"; };
		249F7930217CA56E004CDBDD /* Base */ = {isa = PBXFileReference; lastKnownFileType = file.storyboard; name = Base; path = Base.lproj/LaunchScreen.storyboard; sourceTree = "<group>"; };
		249F7932217CA56E004CDBDD /* Info.plist */ = {isa = PBXFileReference; lastKnownFileType = text.plist.xml; path = Info.plist; sourceTree = "<group>"; };
		249F7937217CA56E004CDBDD /* DemoTests.xctest */ = {isa = PBXFileReference; explicitFileType = wrapper.cfbundle; includeInIndex = 0; path = DemoTests.xctest; sourceTree = BUILT_PRODUCTS_DIR; };
		249F793B217CA56F004CDBDD /* DemoTests.swift */ = {isa = PBXFileReference; lastKnownFileType = sourcecode.swift; path = DemoTests.swift; sourceTree = "<group>"; };
		249F793D217CA56F004CDBDD /* Info.plist */ = {isa = PBXFileReference; lastKnownFileType = text.plist.xml; path = Info.plist; sourceTree = "<group>"; };
		249F7942217CA56F004CDBDD /* DemoUITests.xctest */ = {isa = PBXFileReference; explicitFileType = wrapper.cfbundle; includeInIndex = 0; path = DemoUITests.xctest; sourceTree = BUILT_PRODUCTS_DIR; };
		249F7946217CA56F004CDBDD /* DemoUITests.swift */ = {isa = PBXFileReference; lastKnownFileType = sourcecode.swift; path = DemoUITests.swift; sourceTree = "<group>"; };
		249F7948217CA56F004CDBDD /* Info.plist */ = {isa = PBXFileReference; lastKnownFileType = text.plist.xml; path = Info.plist; sourceTree = "<group>"; };
		249F7958217CA5E9004CDBDD /* EntityListModule.framework */ = {isa = PBXFileReference; explicitFileType = wrapper.framework; path = EntityListModule.framework; sourceTree = BUILT_PRODUCTS_DIR; };
		249F795C217CA5FA004CDBDD /* RxCocoa.framework */ = {isa = PBXFileReference; lastKnownFileType = wrapper.framework; name = RxCocoa.framework; path = ../../../Carthage/Build/iOS/RxCocoa.framework; sourceTree = "<group>"; };
		249F795D217CA5FA004CDBDD /* RxSwift.framework */ = {isa = PBXFileReference; lastKnownFileType = wrapper.framework; name = RxSwift.framework; path = ../../../Carthage/Build/iOS/RxSwift.framework; sourceTree = "<group>"; };
		249F796B217CADBA004CDBDD /* Mocks.swift */ = {isa = PBXFileReference; lastKnownFileType = sourcecode.swift; path = Mocks.swift; sourceTree = "<group>"; };
/* End PBXFileReference section */

/* Begin PBXFrameworksBuildPhase section */
		249F7920217CA56E004CDBDD /* Frameworks */ = {
			isa = PBXFrameworksBuildPhase;
			buildActionMask = 2147483647;
			files = (
				249F7962217CA605004CDBDD /* RxSwift.framework in Frameworks */,
				249F7960217CA605004CDBDD /* RxCocoa.framework in Frameworks */,
				249F7964217CA605004CDBDD /* EntityListModule.framework in Frameworks */,
			);
			runOnlyForDeploymentPostprocessing = 0;
		};
		249F7934217CA56E004CDBDD /* Frameworks */ = {
			isa = PBXFrameworksBuildPhase;
			buildActionMask = 2147483647;
			files = (
			);
			runOnlyForDeploymentPostprocessing = 0;
		};
		249F793F217CA56F004CDBDD /* Frameworks */ = {
			isa = PBXFrameworksBuildPhase;
			buildActionMask = 2147483647;
			files = (
			);
			runOnlyForDeploymentPostprocessing = 0;
		};
/* End PBXFrameworksBuildPhase section */

/* Begin PBXGroup section */
		249F791A217CA56E004CDBDD = {
			isa = PBXGroup;
			children = (
				249F795C217CA5FA004CDBDD /* RxCocoa.framework */,
				249F795D217CA5FA004CDBDD /* RxSwift.framework */,
				249F7958217CA5E9004CDBDD /* EntityListModule.framework */,
				249F7925217CA56E004CDBDD /* Demo */,
				249F793A217CA56F004CDBDD /* DemoTests */,
				249F7945217CA56F004CDBDD /* DemoUITests */,
				249F7924217CA56E004CDBDD /* Products */,
			);
			sourceTree = "<group>";
		};
		249F7924217CA56E004CDBDD /* Products */ = {
			isa = PBXGroup;
			children = (
				249F7923217CA56E004CDBDD /* Demo.app */,
				249F7937217CA56E004CDBDD /* DemoTests.xctest */,
				249F7942217CA56F004CDBDD /* DemoUITests.xctest */,
			);
			name = Products;
			sourceTree = "<group>";
		};
		249F7925217CA56E004CDBDD /* Demo */ = {
			isa = PBXGroup;
			children = (
				249F7926217CA56E004CDBDD /* AppDelegate.swift */,
				249F7928217CA56E004CDBDD /* ViewController.swift */,
				249F792A217CA56E004CDBDD /* Main.storyboard */,
				249F792D217CA56E004CDBDD /* Assets.xcassets */,
				249F792F217CA56E004CDBDD /* LaunchScreen.storyboard */,
				249F7932217CA56E004CDBDD /* Info.plist */,
				249F796B217CADBA004CDBDD /* Mocks.swift */,
			);
			path = Demo;
			sourceTree = "<group>";
		};
		249F793A217CA56F004CDBDD /* DemoTests */ = {
			isa = PBXGroup;
			children = (
				249F793B217CA56F004CDBDD /* DemoTests.swift */,
				249F793D217CA56F004CDBDD /* Info.plist */,
			);
			path = DemoTests;
			sourceTree = "<group>";
		};
		249F7945217CA56F004CDBDD /* DemoUITests */ = {
			isa = PBXGroup;
			children = (
				249F7946217CA56F004CDBDD /* DemoUITests.swift */,
				249F7948217CA56F004CDBDD /* Info.plist */,
			);
			path = DemoUITests;
			sourceTree = "<group>";
		};
/* End PBXGroup section */

/* Begin PBXNativeTarget section */
		249F7922217CA56E004CDBDD /* Demo */ = {
			isa = PBXNativeTarget;
			buildConfigurationList = 249F794B217CA56F004CDBDD /* Build configuration list for PBXNativeTarget "Demo" */;
			buildPhases = (
				249F791F217CA56E004CDBDD /* Sources */,
				249F7920217CA56E004CDBDD /* Frameworks */,
				249F7921217CA56E004CDBDD /* Resources */,
				249F7966217CA605004CDBDD /* Embed Frameworks */,
			);
			buildRules = (
			);
			dependencies = (
			);
			name = Demo;
			productName = Demo;
			productReference = 249F7923217CA56E004CDBDD /* Demo.app */;
			productType = "com.apple.product-type.application";
		};
		249F7936217CA56E004CDBDD /* DemoTests */ = {
			isa = PBXNativeTarget;
			buildConfigurationList = 249F794E217CA56F004CDBDD /* Build configuration list for PBXNativeTarget "DemoTests" */;
			buildPhases = (
				249F7933217CA56E004CDBDD /* Sources */,
				249F7934217CA56E004CDBDD /* Frameworks */,
				249F7935217CA56E004CDBDD /* Resources */,
			);
			buildRules = (
			);
			dependencies = (
				249F7939217CA56E004CDBDD /* PBXTargetDependency */,
			);
			name = DemoTests;
			productName = DemoTests;
			productReference = 249F7937217CA56E004CDBDD /* DemoTests.xctest */;
			productType = "com.apple.product-type.bundle.unit-test";
		};
		249F7941217CA56F004CDBDD /* DemoUITests */ = {
			isa = PBXNativeTarget;
			buildConfigurationList = 249F7951217CA56F004CDBDD /* Build configuration list for PBXNativeTarget "DemoUITests" */;
			buildPhases = (
				249F793E217CA56F004CDBDD /* Sources */,
				249F793F217CA56F004CDBDD /* Frameworks */,
				249F7940217CA56F004CDBDD /* Resources */,
			);
			buildRules = (
			);
			dependencies = (
				249F7944217CA56F004CDBDD /* PBXTargetDependency */,
			);
			name = DemoUITests;
			productName = DemoUITests;
			productReference = 249F7942217CA56F004CDBDD /* DemoUITests.xctest */;
			productType = "com.apple.product-type.bundle.ui-testing";
		};
/* End PBXNativeTarget section */

/* Begin PBXProject section */
		249F791B217CA56E004CDBDD /* Project object */ = {
			isa = PBXProject;
			attributes = {
				LastSwiftUpdateCheck = 0920;
				LastUpgradeCheck = 0920;
				ORGANIZATIONNAME = "Gerald Adorza";
				TargetAttributes = {
					249F7922217CA56E004CDBDD = {
						CreatedOnToolsVersion = 9.2;
						ProvisioningStyle = Automatic;
					};
					249F7936217CA56E004CDBDD = {
						CreatedOnToolsVersion = 9.2;
						ProvisioningStyle = Automatic;
						TestTargetID = 249F7922217CA56E004CDBDD;
					};
					249F7941217CA56F004CDBDD = {
						CreatedOnToolsVersion = 9.2;
						ProvisioningStyle = Automatic;
						TestTargetID = 249F7922217CA56E004CDBDD;
					};
				};
			};
			buildConfigurationList = 249F791E217CA56E004CDBDD /* Build configuration list for PBXProject "Demo" */;
			compatibilityVersion = "Xcode 8.0";
			developmentRegion = en;
			hasScannedForEncodings = 0;
			knownRegions = (
				en,
				Base,
			);
			mainGroup = 249F791A217CA56E004CDBDD;
			productRefGroup = 249F7924217CA56E004CDBDD /* Products */;
			projectDirPath = "";
			projectRoot = "";
			targets = (
				249F7922217CA56E004CDBDD /* Demo */,
				249F7936217CA56E004CDBDD /* DemoTests */,
				249F7941217CA56F004CDBDD /* DemoUITests */,
			);
		};
/* End PBXProject section */

/* Begin PBXResourcesBuildPhase section */
		249F7921217CA56E004CDBDD /* Resources */ = {
			isa = PBXResourcesBuildPhase;
			buildActionMask = 2147483647;
			files = (
				249F7931217CA56E004CDBDD /* LaunchScreen.storyboard in Resources */,
				249F792E217CA56E004CDBDD /* Assets.xcassets in Resources */,
				249F792C217CA56E004CDBDD /* Main.storyboard in Resources */,
			);
			runOnlyForDeploymentPostprocessing = 0;
		};
		249F7935217CA56E004CDBDD /* Resources */ = {
			isa = PBXResourcesBuildPhase;
			buildActionMask = 2147483647;
			files = (
			);
			runOnlyForDeploymentPostprocessing = 0;
		};
		249F7940217CA56F004CDBDD /* Resources */ = {
			isa = PBXResourcesBuildPhase;
			buildActionMask = 2147483647;
			files = (
			);
			runOnlyForDeploymentPostprocessing = 0;
		};
/* End PBXResourcesBuildPhase section */

/* Begin PBXSourcesBuildPhase section */
		249F791F217CA56E004CDBDD /* Sources */ = {
			isa = PBXSourcesBuildPhase;
			buildActionMask = 2147483647;
			files = (
				249F7929217CA56E004CDBDD /* ViewController.swift in Sources */,
				249F7927217CA56E004CDBDD /* AppDelegate.swift in Sources */,
				249F796C217CADBA004CDBDD /* Mocks.swift in Sources */,
			);
			runOnlyForDeploymentPostprocessing = 0;
		};
		249F7933217CA56E004CDBDD /* Sources */ = {
			isa = PBXSourcesBuildPhase;
			buildActionMask = 2147483647;
			files = (
				249F793C217CA56F004CDBDD /* DemoTests.swift in Sources */,
			);
			runOnlyForDeploymentPostprocessing = 0;
		};
		249F793E217CA56F004CDBDD /* Sources */ = {
			isa = PBXSourcesBuildPhase;
			buildActionMask = 2147483647;
			files = (
				249F7947217CA56F004CDBDD /* DemoUITests.swift in Sources */,
			);
			runOnlyForDeploymentPostprocessing = 0;
		};
/* End PBXSourcesBuildPhase section */

/* Begin PBXTargetDependency section */
		249F7939217CA56E004CDBDD /* PBXTargetDependency */ = {
			isa = PBXTargetDependency;
			target = 249F7922217CA56E004CDBDD /* Demo */;
			targetProxy = 249F7938217CA56E004CDBDD /* PBXContainerItemProxy */;
		};
		249F7944217CA56F004CDBDD /* PBXTargetDependency */ = {
			isa = PBXTargetDependency;
			target = 249F7922217CA56E004CDBDD /* Demo */;
			targetProxy = 249F7943217CA56F004CDBDD /* PBXContainerItemProxy */;
		};
/* End PBXTargetDependency section */

/* Begin PBXVariantGroup section */
		249F792A217CA56E004CDBDD /* Main.storyboard */ = {
			isa = PBXVariantGroup;
			children = (
				249F792B217CA56E004CDBDD /* Base */,
			);
			name = Main.storyboard;
			sourceTree = "<group>";
		};
		249F792F217CA56E004CDBDD /* LaunchScreen.storyboard */ = {
			isa = PBXVariantGroup;
			children = (
				249F7930217CA56E004CDBDD /* Base */,
			);
			name = LaunchScreen.storyboard;
			sourceTree = "<group>";
		};
/* End PBXVariantGroup section */

/* Begin XCBuildConfiguration section */
		249F7949217CA56F004CDBDD /* Debug */ = {
			isa = XCBuildConfiguration;
			buildSettings = {
				ALWAYS_SEARCH_USER_PATHS = NO;
				CLANG_ANALYZER_NONNULL = YES;
				CLANG_ANALYZER_NUMBER_OBJECT_CONVERSION = YES_AGGRESSIVE;
				CLANG_CXX_LANGUAGE_STANDARD = "gnu++14";
				CLANG_CXX_LIBRARY = "libc++";
				CLANG_ENABLE_MODULES = YES;
				CLANG_ENABLE_OBJC_ARC = YES;
				CLANG_WARN_BLOCK_CAPTURE_AUTORELEASING = YES;
				CLANG_WARN_BOOL_CONVERSION = YES;
				CLANG_WARN_COMMA = YES;
				CLANG_WARN_CONSTANT_CONVERSION = YES;
				CLANG_WARN_DIRECT_OBJC_ISA_USAGE = YES_ERROR;
				CLANG_WARN_DOCUMENTATION_COMMENTS = YES;
				CLANG_WARN_EMPTY_BODY = YES;
				CLANG_WARN_ENUM_CONVERSION = YES;
				CLANG_WARN_INFINITE_RECURSION = YES;
				CLANG_WARN_INT_CONVERSION = YES;
				CLANG_WARN_NON_LITERAL_NULL_CONVERSION = YES;
				CLANG_WARN_OBJC_LITERAL_CONVERSION = YES;
				CLANG_WARN_OBJC_ROOT_CLASS = YES_ERROR;
				CLANG_WARN_RANGE_LOOP_ANALYSIS = YES;
				CLANG_WARN_STRICT_PROTOTYPES = YES;
				CLANG_WARN_SUSPICIOUS_MOVE = YES;
				CLANG_WARN_UNGUARDED_AVAILABILITY = YES_AGGRESSIVE;
				CLANG_WARN_UNREACHABLE_CODE = YES;
				CLANG_WARN__DUPLICATE_METHOD_MATCH = YES;
				CODE_SIGN_IDENTITY = "iPhone Developer";
				COPY_PHASE_STRIP = NO;
				DEBUG_INFORMATION_FORMAT = dwarf;
				ENABLE_STRICT_OBJC_MSGSEND = YES;
				ENABLE_TESTABILITY = YES;
				GCC_C_LANGUAGE_STANDARD = gnu11;
				GCC_DYNAMIC_NO_PIC = NO;
				GCC_NO_COMMON_BLOCKS = YES;
				GCC_OPTIMIZATION_LEVEL = 0;
				GCC_PREPROCESSOR_DEFINITIONS = (
					"DEBUG=1",
					"$(inherited)",
				);
				GCC_WARN_64_TO_32_BIT_CONVERSION = YES;
				GCC_WARN_ABOUT_RETURN_TYPE = YES_ERROR;
				GCC_WARN_UNDECLARED_SELECTOR = YES;
				GCC_WARN_UNINITIALIZED_AUTOS = YES_AGGRESSIVE;
				GCC_WARN_UNUSED_FUNCTION = YES;
				GCC_WARN_UNUSED_VARIABLE = YES;
				IPHONEOS_DEPLOYMENT_TARGET = 11.2;
				MTL_ENABLE_DEBUG_INFO = YES;
				ONLY_ACTIVE_ARCH = YES;
				SDKROOT = iphoneos;
				SWIFT_ACTIVE_COMPILATION_CONDITIONS = DEBUG;
				SWIFT_OPTIMIZATION_LEVEL = "-Onone";
			};
			name = Debug;
		};
		249F794A217CA56F004CDBDD /* Release */ = {
			isa = XCBuildConfiguration;
			buildSettings = {
				ALWAYS_SEARCH_USER_PATHS = NO;
				CLANG_ANALYZER_NONNULL = YES;
				CLANG_ANALYZER_NUMBER_OBJECT_CONVERSION = YES_AGGRESSIVE;
				CLANG_CXX_LANGUAGE_STANDARD = "gnu++14";
				CLANG_CXX_LIBRARY = "libc++";
				CLANG_ENABLE_MODULES = YES;
				CLANG_ENABLE_OBJC_ARC = YES;
				CLANG_WARN_BLOCK_CAPTURE_AUTORELEASING = YES;
				CLANG_WARN_BOOL_CONVERSION = YES;
				CLANG_WARN_COMMA = YES;
				CLANG_WARN_CONSTANT_CONVERSION = YES;
				CLANG_WARN_DIRECT_OBJC_ISA_USAGE = YES_ERROR;
				CLANG_WARN_DOCUMENTATION_COMMENTS = YES;
				CLANG_WARN_EMPTY_BODY = YES;
				CLANG_WARN_ENUM_CONVERSION = YES;
				CLANG_WARN_INFINITE_RECURSION = YES;
				CLANG_WARN_INT_CONVERSION = YES;
				CLANG_WARN_NON_LITERAL_NULL_CONVERSION = YES;
				CLANG_WARN_OBJC_LITERAL_CONVERSION = YES;
				CLANG_WARN_OBJC_ROOT_CLASS = YES_ERROR;
				CLANG_WARN_RANGE_LOOP_ANALYSIS = YES;
				CLANG_WARN_STRICT_PROTOTYPES = YES;
				CLANG_WARN_SUSPICIOUS_MOVE = YES;
				CLANG_WARN_UNGUARDED_AVAILABILITY = YES_AGGRESSIVE;
				CLANG_WARN_UNREACHABLE_CODE = YES;
				CLANG_WARN__DUPLICATE_METHOD_MATCH = YES;
				CODE_SIGN_IDENTITY = "iPhone Developer";
				COPY_PHASE_STRIP = NO;
				DEBUG_INFORMATION_FORMAT = "dwarf-with-dsym";
				ENABLE_NS_ASSERTIONS = NO;
				ENABLE_STRICT_OBJC_MSGSEND = YES;
				GCC_C_LANGUAGE_STANDARD = gnu11;
				GCC_NO_COMMON_BLOCKS = YES;
				GCC_WARN_64_TO_32_BIT_CONVERSION = YES;
				GCC_WARN_ABOUT_RETURN_TYPE = YES_ERROR;
				GCC_WARN_UNDECLARED_SELECTOR = YES;
				GCC_WARN_UNINITIALIZED_AUTOS = YES_AGGRESSIVE;
				GCC_WARN_UNUSED_FUNCTION = YES;
				GCC_WARN_UNUSED_VARIABLE = YES;
				IPHONEOS_DEPLOYMENT_TARGET = 11.2;
				MTL_ENABLE_DEBUG_INFO = NO;
				SDKROOT = iphoneos;
				SWIFT_OPTIMIZATION_LEVEL = "-Owholemodule";
				VALIDATE_PRODUCT = YES;
			};
			name = Release;
		};
		249F794C217CA56F004CDBDD /* Debug */ = {
			isa = XCBuildConfiguration;
			buildSettings = {
				ASSETCATALOG_COMPILER_APPICON_NAME = AppIcon;
				CODE_SIGN_STYLE = Automatic;
				FRAMEWORK_SEARCH_PATHS = "$(PROJECT_DIR)/../../../Carthage/Build/iOS";
				INFOPLIST_FILE = Demo/Info.plist;
				LD_RUNPATH_SEARCH_PATHS = "$(inherited) @executable_path/Frameworks";
				PRODUCT_BUNDLE_IDENTIFIER = ph.com.softwaresaiyajin.el.Demo;
				PRODUCT_NAME = "$(TARGET_NAME)";
				SWIFT_VERSION = 4.0;
				TARGETED_DEVICE_FAMILY = "1,2";
			};
			name = Debug;
		};
		249F794D217CA56F004CDBDD /* Release */ = {
			isa = XCBuildConfiguration;
			buildSettings = {
				ASSETCATALOG_COMPILER_APPICON_NAME = AppIcon;
				CODE_SIGN_STYLE = Automatic;
				FRAMEWORK_SEARCH_PATHS = "$(PROJECT_DIR)/../../../Carthage/Build/iOS";
				INFOPLIST_FILE = Demo/Info.plist;
				LD_RUNPATH_SEARCH_PATHS = "$(inherited) @executable_path/Frameworks";
				PRODUCT_BUNDLE_IDENTIFIER = ph.com.softwaresaiyajin.el.Demo;
				PRODUCT_NAME = "$(TARGET_NAME)";
				SWIFT_VERSION = 4.0;
				TARGETED_DEVICE_FAMILY = "1,2";
			};
			name = Release;
		};
		249F794F217CA56F004CDBDD /* Debug */ = {
			isa = XCBuildConfiguration;
			buildSettings = {
				ALWAYS_EMBED_SWIFT_STANDARD_LIBRARIES = YES;
				BUNDLE_LOADER = "$(TEST_HOST)";
				CODE_SIGN_STYLE = Automatic;
				INFOPLIST_FILE = DemoTests/Info.plist;
				LD_RUNPATH_SEARCH_PATHS = "$(inherited) @executable_path/Frameworks @loader_path/Frameworks";
				PRODUCT_BUNDLE_IDENTIFIER = ph.com.softwaresaiyajin.el.DemoTests;
				PRODUCT_NAME = "$(TARGET_NAME)";
				SWIFT_VERSION = 4.0;
				TARGETED_DEVICE_FAMILY = "1,2";
				TEST_HOST = "$(BUILT_PRODUCTS_DIR)/Demo.app/Demo";
			};
			name = Debug;
		};
		249F7950217CA56F004CDBDD /* Release */ = {
			isa = XCBuildConfiguration;
			buildSettings = {
				ALWAYS_EMBED_SWIFT_STANDARD_LIBRARIES = YES;
				BUNDLE_LOADER = "$(TEST_HOST)";
				CODE_SIGN_STYLE = Automatic;
				INFOPLIST_FILE = DemoTests/Info.plist;
				LD_RUNPATH_SEARCH_PATHS = "$(inherited) @executable_path/Frameworks @loader_path/Frameworks";
				PRODUCT_BUNDLE_IDENTIFIER = ph.com.softwaresaiyajin.el.DemoTests;
				PRODUCT_NAME = "$(TARGET_NAME)";
				SWIFT_VERSION = 4.0;
				TARGETED_DEVICE_FAMILY = "1,2";
				TEST_HOST = "$(BUILT_PRODUCTS_DIR)/Demo.app/Demo";
			};
			name = Release;
		};
		249F7952217CA56F004CDBDD /* Debug */ = {
			isa = XCBuildConfiguration;
			buildSettings = {
				ALWAYS_EMBED_SWIFT_STANDARD_LIBRARIES = YES;
				CODE_SIGN_STYLE = Automatic;
				INFOPLIST_FILE = DemoUITests/Info.plist;
				LD_RUNPATH_SEARCH_PATHS = "$(inherited) @executable_path/Frameworks @loader_path/Frameworks";
				PRODUCT_BUNDLE_IDENTIFIER = ph.com.softwaresaiyajin.el.DemoUITests;
				PRODUCT_NAME = "$(TARGET_NAME)";
				SWIFT_VERSION = 4.0;
				TARGETED_DEVICE_FAMILY = "1,2";
				TEST_TARGET_NAME = Demo;
			};
			name = Debug;
		};
		249F7953217CA56F004CDBDD /* Release */ = {
			isa = XCBuildConfiguration;
			buildSettings = {
				ALWAYS_EMBED_SWIFT_STANDARD_LIBRARIES = YES;
				CODE_SIGN_STYLE = Automatic;
				INFOPLIST_FILE = DemoUITests/Info.plist;
				LD_RUNPATH_SEARCH_PATHS = "$(inherited) @executable_path/Frameworks @loader_path/Frameworks";
				PRODUCT_BUNDLE_IDENTIFIER = ph.com.softwaresaiyajin.el.DemoUITests;
				PRODUCT_NAME = "$(TARGET_NAME)";
				SWIFT_VERSION = 4.0;
				TARGETED_DEVICE_FAMILY = "1,2";
				TEST_TARGET_NAME = Demo;
			};
			name = Release;
		};
/* End XCBuildConfiguration section */

/* Begin XCConfigurationList section */
		249F791E217CA56E004CDBDD /* Build configuration list for PBXProject "Demo" */ = {
			isa = XCConfigurationList;
			buildConfigurations = (
				249F7949217CA56F004CDBDD /* Debug */,
				249F794A217CA56F004CDBDD /* Release */,
			);
			defaultConfigurationIsVisible = 0;
			defaultConfigurationName = Release;
		};
		249F794B217CA56F004CDBDD /* Build configuration list for PBXNativeTarget "Demo" */ = {
			isa = XCConfigurationList;
			buildConfigurations = (
				249F794C217CA56F004CDBDD /* Debug */,
				249F794D217CA56F004CDBDD /* Release */,
			);
			defaultConfigurationIsVisible = 0;
			defaultConfigurationName = Release;
		};
		249F794E217CA56F004CDBDD /* Build configuration list for PBXNativeTarget "DemoTests" */ = {
			isa = XCConfigurationList;
			buildConfigurations = (
				249F794F217CA56F004CDBDD /* Debug */,
				249F7950217CA56F004CDBDD /* Release */,
			);
			defaultConfigurationIsVisible = 0;
			defaultConfigurationName = Release;
		};
		249F7951217CA56F004CDBDD /* Build configuration list for PBXNativeTarget "DemoUITests" */ = {
			isa = XCConfigurationList;
			buildConfigurations = (
				249F7952217CA56F004CDBDD /* Debug */,
				249F7953217CA56F004CDBDD /* Release */,
			);
			defaultConfigurationIsVisible = 0;
			defaultConfigurationName = Release;
		};
/* End XCConfigurationList section */
	};
	rootObject = 249F791B217CA56E004CDBDD /* Project object */;
}
